// !$*UTF8*$!
{
	archiveVersion = 1;
	classes = {
	};
	objectVersion = 52;
	objects = {

/* Begin PBXBuildFile section */
		570D1C1C24705E5200B9FB22 /* sad2.json in Resources */ = {isa = PBXBuildFile; fileRef = 570D1C1724705E5100B9FB22 /* sad2.json */; };
		570D1C1D24705E5200B9FB22 /* nonetwork.json in Resources */ = {isa = PBXBuildFile; fileRef = 570D1C1824705E5100B9FB22 /* nonetwork.json */; };
		570D1C1E24705E5200B9FB22 /* confetti2.json in Resources */ = {isa = PBXBuildFile; fileRef = 570D1C1924705E5200B9FB22 /* confetti2.json */; };
		570D1C1F24705E5200B9FB22 /* sad1.json in Resources */ = {isa = PBXBuildFile; fileRef = 570D1C1A24705E5200B9FB22 /* sad1.json */; };
		570D1C2024705E5200B9FB22 /* confetti1.json in Resources */ = {isa = PBXBuildFile; fileRef = 570D1C1B24705E5200B9FB22 /* confetti1.json */; };
		570D1C232470EA0C00B9FB22 /* frog.mp3 in Resources */ = {isa = PBXBuildFile; fileRef = 570D1C222470EA0C00B9FB22 /* frog.mp3 */; };
		570D1C272470EBE100B9FB22 /* confetti.mp3 in Resources */ = {isa = PBXBuildFile; fileRef = 570D1C262470EBE000B9FB22 /* confetti.mp3 */; };
		57320A7F2453477900ADE06C /* WebKit.framework in Frameworks */ = {isa = PBXBuildFile; fileRef = 57320A7E2453477900ADE06C /* WebKit.framework */; };
		57320A8124535A4300ADE06C /* FrogImageClassification Refined.mlmodel in Sources */ = {isa = PBXBuildFile; fileRef = 57320A8024535A4300ADE06C /* FrogImageClassification Refined.mlmodel */; };
		57441D922463F00A00BC4DE0 /* catchmeifyoucan.json in Resources */ = {isa = PBXBuildFile; fileRef = 57441D912463F00A00BC4DE0 /* catchmeifyoucan.json */; };
		574A3C2C245066060022CCB3 /* FrogAnnotation.swift in Sources */ = {isa = PBXBuildFile; fileRef = 574A3C2B245066060022CCB3 /* FrogAnnotation.swift */; };
		576F2949247AD04D0078EC67 /* Frog1.usdz in Resources */ = {isa = PBXBuildFile; fileRef = 576F2948247AD04D0078EC67 /* Frog1.usdz */; };
		576F294B247AD3D90078EC67 /* Frog3Main.usdz in Resources */ = {isa = PBXBuildFile; fileRef = 576F294A247AD3D90078EC67 /* Frog3Main.usdz */; };
		577AA1A3247159E100B85AF6 /* GPX files (To simulate Locations) in Resources */ = {isa = PBXBuildFile; fileRef = 577AA1A2247159E100B85AF6 /* GPX files (To simulate Locations) */; };
		579B45472447084200EACA4B /* CoreDataHandler.swift in Sources */ = {isa = PBXBuildFile; fileRef = 579B45462447084200EACA4B /* CoreDataHandler.swift */; };
		579C04B7247B78D1003EEB6D /* greenwaves.json in Resources */ = {isa = PBXBuildFile; fileRef = 579C04B6247B78D1003EEB6D /* greenwaves.json */; };
		57A3B89D244315230011F674 /* AppDelegate.swift in Sources */ = {isa = PBXBuildFile; fileRef = 57A3B89C244315230011F674 /* AppDelegate.swift */; };
		57A3B89F244315230011F674 /* SceneDelegate.swift in Sources */ = {isa = PBXBuildFile; fileRef = 57A3B89E244315230011F674 /* SceneDelegate.swift */; };
		57A3B8A9244315230011F674 /* TabView.xcdatamodeld in Sources */ = {isa = PBXBuildFile; fileRef = 57A3B8A7244315230011F674 /* TabView.xcdatamodeld */; };
		57A3B8AB244315270011F674 /* Assets.xcassets in Resources */ = {isa = PBXBuildFile; fileRef = 57A3B8AA244315270011F674 /* Assets.xcassets */; };
		57A3B8AE244315270011F674 /* LaunchScreen.storyboard in Resources */ = {isa = PBXBuildFile; fileRef = 57A3B8AC244315270011F674 /* LaunchScreen.storyboard */; };
		57F877E924763B5700D5501F /* Frog2Color.usdz in Resources */ = {isa = PBXBuildFile; fileRef = 57F877E824763B5700D5501F /* Frog2Color.usdz */; };
		B960A57A246C3BA9003CFDE3 /* CardLayout.swift in Sources */ = {isa = PBXBuildFile; fileRef = B960A579246C3BA9003CFDE3 /* CardLayout.swift */; };
		B98A407D24725008006C2F2A /* award.json in Resources */ = {isa = PBXBuildFile; fileRef = B98A407C24725007006C2F2A /* award.json */; };
		B98A407F24725DE6006C2F2A /* FrogCell.swift in Sources */ = {isa = PBXBuildFile; fileRef = B98A407E24725DE6006C2F2A /* FrogCell.swift */; };
		B9FD7A40246C11CB0058B4B3 /* ChallengeCell.swift in Sources */ = {isa = PBXBuildFile; fileRef = B9FD7A3F246C11CB0058B4B3 /* ChallengeCell.swift */; };
		B9FD7A44246C1B150058B4B3 /* GuideViewController.swift in Sources */ = {isa = PBXBuildFile; fileRef = B9FD7A43246C1B150058B4B3 /* GuideViewController.swift */; };
		B9FD7A46246C1C7D0058B4B3 /* Page.swift in Sources */ = {isa = PBXBuildFile; fileRef = B9FD7A45246C1C7D0058B4B3 /* Page.swift */; };
		B9FD7A48246C1CB00058B4B3 /* OnboardingPageCell.swift in Sources */ = {isa = PBXBuildFile; fileRef = B9FD7A47246C1CB00058B4B3 /* OnboardingPageCell.swift */; };
		B9FD7A4A246C1D210058B4B3 /* OnboardingDoneCell.swift in Sources */ = {isa = PBXBuildFile; fileRef = B9FD7A49246C1D210058B4B3 /* OnboardingDoneCell.swift */; };
		B9FD7A52246C1F2D0058B4B3 /* 20301-newspaper-open.json in Resources */ = {isa = PBXBuildFile; fileRef = B9FD7A4B246C1F2C0058B4B3 /* 20301-newspaper-open.json */; };
		B9FD7A53246C1F2D0058B4B3 /* 13357-route-finder.json in Resources */ = {isa = PBXBuildFile; fileRef = B9FD7A4C246C1F2C0058B4B3 /* 13357-route-finder.json */; };
		B9FD7A54246C1F2D0058B4B3 /* 291-searchask-loop.json in Resources */ = {isa = PBXBuildFile; fileRef = B9FD7A4D246C1F2C0058B4B3 /* 291-searchask-loop.json */; };
		B9FD7A55246C1F2D0058B4B3 /* 10548-forest.json in Resources */ = {isa = PBXBuildFile; fileRef = B9FD7A4E246C1F2C0058B4B3 /* 10548-forest.json */; };
		B9FD7A56246C1F2D0058B4B3 /* 8878-done.json in Resources */ = {isa = PBXBuildFile; fileRef = B9FD7A4F246C1F2D0058B4B3 /* 8878-done.json */; };
		B9FD7A57246C1F2D0058B4B3 /* 336-search.json in Resources */ = {isa = PBXBuildFile; fileRef = B9FD7A50246C1F2D0058B4B3 /* 336-search.json */; };
		B9FD7A58246C1F2D0058B4B3 /* 13005-refresh.json in Resources */ = {isa = PBXBuildFile; fileRef = B9FD7A51246C1F2D0058B4B3 /* 13005-refresh.json */; };
		DF0730DD2533AEEF002F3B31 /* HomeVC.swift in Sources */ = {isa = PBXBuildFile; fileRef = DF0730DC2533AEEF002F3B31 /* HomeVC.swift */; };
		DF0730E12533BEC9002F3B31 /* NewsVC.swift in Sources */ = {isa = PBXBuildFile; fileRef = DF0730E02533BEC9002F3B31 /* NewsVC.swift */; };
		DF310DF0252EDD2F00A0F7A6 /* WelcomeViewController.swift in Sources */ = {isa = PBXBuildFile; fileRef = DF310DEF252EDD2F00A0F7A6 /* WelcomeViewController.swift */; };
		DF355D81253FFB170086C806 /* IdentifyVC.swift in Sources */ = {isa = PBXBuildFile; fileRef = DF355D80253FFB170086C806 /* IdentifyVC.swift */; };
		DF355D8525412A230086C806 /* MapVC.swift in Sources */ = {isa = PBXBuildFile; fileRef = DF355D8425412A230086C806 /* MapVC.swift */; };
		DF355D8925412F040086C806 /* FrogRecordsSevice.swift in Sources */ = {isa = PBXBuildFile; fileRef = DF355D8825412F040086C806 /* FrogRecordsSevice.swift */; };
		DF355D8C254130860086C806 /* MapViewModel.swift in Sources */ = {isa = PBXBuildFile; fileRef = DF355D8B254130860086C806 /* MapViewModel.swift */; };
		DF390A4225527A5700592256 /* TabBarView.swift in Sources */ = {isa = PBXBuildFile; fileRef = DF390A4125527A5700592256 /* TabBarView.swift */; };
		DF3EBFE32547F8F10059F1D6 /* NSAttributedString+Extension.swift in Sources */ = {isa = PBXBuildFile; fileRef = DF3EBFE22547F8F10059F1D6 /* NSAttributedString+Extension.swift */; };
		DF44BED52547FFB8004811F7 /* ChallengeVC.swift in Sources */ = {isa = PBXBuildFile; fileRef = DF44BED42547FFB8004811F7 /* ChallengeVC.swift */; };
		DF44BED9254808D9004811F7 /* ChallengeCVCell.swift in Sources */ = {isa = PBXBuildFile; fileRef = DF44BED8254808D9004811F7 /* ChallengeCVCell.swift */; };
		DF44BEDC254822CE004811F7 /* ChallengeViewModel.swift in Sources */ = {isa = PBXBuildFile; fileRef = DF44BEDB254822CE004811F7 /* ChallengeViewModel.swift */; };
		DF456CC0255CCE99002CE848 /* GoogleService-Info.plist in Resources */ = {isa = PBXBuildFile; fileRef = DF456CBF255CCE99002CE848 /* GoogleService-Info.plist */; };
		DF568D0B253414AD0022203E /* FrogsListVC.swift in Sources */ = {isa = PBXBuildFile; fileRef = DF568D0A253414AD0022203E /* FrogsListVC.swift */; };
		DF568D0F25341E090022203E /* UIView+Extension.swift in Sources */ = {isa = PBXBuildFile; fileRef = DF568D0E25341E090022203E /* UIView+Extension.swift */; };
		DF568D14253420250022203E /* FrogTVCell.swift in Sources */ = {isa = PBXBuildFile; fileRef = DF568D13253420250022203E /* FrogTVCell.swift */; };
		DF568D1B25357D360022203E /* FrogsListViewModel.swift in Sources */ = {isa = PBXBuildFile; fileRef = DF568D1A25357D360022203E /* FrogsListViewModel.swift */; };
		DF8EAE65252ED60B009A9038 /* UnSightedFrogEntity+CoreDataClass.swift in Sources */ = {isa = PBXBuildFile; fileRef = DF8EAE63252ED60B009A9038 /* UnSightedFrogEntity+CoreDataClass.swift */; };
		DF8EAE66252ED60B009A9038 /* UnSightedFrogEntity+CoreDataProperties.swift in Sources */ = {isa = PBXBuildFile; fileRef = DF8EAE64252ED60B009A9038 /* UnSightedFrogEntity+CoreDataProperties.swift */; };
		DF8EAE6A252ED61D009A9038 /* FrogEntity+CoreDataClass.swift in Sources */ = {isa = PBXBuildFile; fileRef = DF8EAE68252ED61D009A9038 /* FrogEntity+CoreDataClass.swift */; };
		DF8EAE6B252ED61D009A9038 /* FrogEntity+CoreDataProperties.swift in Sources */ = {isa = PBXBuildFile; fileRef = DF8EAE69252ED61D009A9038 /* FrogEntity+CoreDataProperties.swift */; };
		DF90D7032543A3C300E5E511 /* StatusAlert in Frameworks */ = {isa = PBXBuildFile; productRef = DF90D7022543A3C300E5E511 /* StatusAlert */; };
		DFA3BE95252EF47E009C742A /* Weather.swift in Sources */ = {isa = PBXBuildFile; fileRef = DFA3BE94252EF47E009C742A /* Weather.swift */; };
		DFA3BE99252EF52D009C742A /* News.swift in Sources */ = {isa = PBXBuildFile; fileRef = DFA3BE98252EF52D009C742A /* News.swift */; };
		DFA9FF7025523F6A000CE4D5 /* AudioService.swift in Sources */ = {isa = PBXBuildFile; fileRef = DFA9FF6F25523F6A000CE4D5 /* AudioService.swift */; };
		DFBCCDD725591903008284CF /* SpotLight.swift in Sources */ = {isa = PBXBuildFile; fileRef = DFBCCDD625591903008284CF /* SpotLight.swift */; };
		DFBCCDDB25592904008284CF /* Size.swift in Sources */ = {isa = PBXBuildFile; fileRef = DFBCCDDA25592904008284CF /* Size.swift */; };
		DFD264D6254949F0000FF9DF /* ChallengeProtocol.swift in Sources */ = {isa = PBXBuildFile; fileRef = DFD264D5254949EF000FF9DF /* ChallengeProtocol.swift */; };
		DFD264D925494BAD000FF9DF /* EnteredFrogsHabitatVC.swift in Sources */ = {isa = PBXBuildFile; fileRef = DFD264D825494BAD000FF9DF /* EnteredFrogsHabitatVC.swift */; };
		DFD264DF254FD258000FF9DF /* Storage.swift in Sources */ = {isa = PBXBuildFile; fileRef = DFD264DE254FD258000FF9DF /* Storage.swift */; };
		DFE187E125358C34003D772F /* NewsTVCell.swift in Sources */ = {isa = PBXBuildFile; fileRef = DFE187E025358C34003D772F /* NewsTVCell.swift */; };
		DFE187E425358F3B003D772F /* NewsViewModel.swift in Sources */ = {isa = PBXBuildFile; fileRef = DFE187E325358F3B003D772F /* NewsViewModel.swift */; };
		DFE187E825358F93003D772F /* WebService.swift in Sources */ = {isa = PBXBuildFile; fileRef = DFE187E725358F93003D772F /* WebService.swift */; };
		DFE187EC25369E06003D772F /* NewsProtocol.swift in Sources */ = {isa = PBXBuildFile; fileRef = DFE187EB25369E06003D772F /* NewsProtocol.swift */; };
		DFE187F02536A953003D772F /* NewsDetailedVC.swift in Sources */ = {isa = PBXBuildFile; fileRef = DFE187EF2536A953003D772F /* NewsDetailedVC.swift */; };
		DFE187F32536ACEB003D772F /* UIColor+Extension.swift in Sources */ = {isa = PBXBuildFile; fileRef = DFE187F22536ACEA003D772F /* UIColor+Extension.swift */; };
		DFE187F62536DF36003D772F /* FrogDetailsVC.swift in Sources */ = {isa = PBXBuildFile; fileRef = DFE187F52536DF36003D772F /* FrogDetailsVC.swift */; };
		DFE187F92537D6F8003D772F /* FrogDetailsViewModel.swift in Sources */ = {isa = PBXBuildFile; fileRef = DFE187F82537D6F8003D772F /* FrogDetailsViewModel.swift */; };
		DFE187FC2537D72F003D772F /* WeatherProtocol.swift in Sources */ = {isa = PBXBuildFile; fileRef = DFE187FB2537D72F003D772F /* WeatherProtocol.swift */; };
		EC2B8094073EF948ADA1C676 /* Pods_Hola_Frogger.framework in Frameworks */ = {isa = PBXBuildFile; fileRef = 17543AFAD565A26F7CFD39CA /* Pods_Hola_Frogger.framework */; };
/* End PBXBuildFile section */

/* Begin PBXFileReference section */
		17543AFAD565A26F7CFD39CA /* Pods_Hola_Frogger.framework */ = {isa = PBXFileReference; explicitFileType = wrapper.framework; includeInIndex = 0; path = Pods_Hola_Frogger.framework; sourceTree = BUILT_PRODUCTS_DIR; };
		570D1C1724705E5100B9FB22 /* sad2.json */ = {isa = PBXFileReference; fileEncoding = 4; lastKnownFileType = text.json; path = sad2.json; sourceTree = "<group>"; };
		570D1C1824705E5100B9FB22 /* nonetwork.json */ = {isa = PBXFileReference; fileEncoding = 4; lastKnownFileType = text.json; path = nonetwork.json; sourceTree = "<group>"; };
		570D1C1924705E5200B9FB22 /* confetti2.json */ = {isa = PBXFileReference; fileEncoding = 4; lastKnownFileType = text.json; path = confetti2.json; sourceTree = "<group>"; };
		570D1C1A24705E5200B9FB22 /* sad1.json */ = {isa = PBXFileReference; fileEncoding = 4; lastKnownFileType = text.json; path = sad1.json; sourceTree = "<group>"; };
		570D1C1B24705E5200B9FB22 /* confetti1.json */ = {isa = PBXFileReference; fileEncoding = 4; lastKnownFileType = text.json; path = confetti1.json; sourceTree = "<group>"; };
		570D1C222470EA0C00B9FB22 /* frog.mp3 */ = {isa = PBXFileReference; lastKnownFileType = audio.mp3; path = frog.mp3; sourceTree = "<group>"; };
		570D1C262470EBE000B9FB22 /* confetti.mp3 */ = {isa = PBXFileReference; lastKnownFileType = audio.mp3; path = confetti.mp3; sourceTree = "<group>"; };
		57320A7E2453477900ADE06C /* WebKit.framework */ = {isa = PBXFileReference; lastKnownFileType = wrapper.framework; name = WebKit.framework; path = System/Library/Frameworks/WebKit.framework; sourceTree = SDKROOT; };
		57320A8024535A4300ADE06C /* FrogImageClassification Refined.mlmodel */ = {isa = PBXFileReference; lastKnownFileType = file.mlmodel; path = "FrogImageClassification Refined.mlmodel"; sourceTree = "<group>"; };
		57441D912463F00A00BC4DE0 /* catchmeifyoucan.json */ = {isa = PBXFileReference; fileEncoding = 4; lastKnownFileType = text.json; path = catchmeifyoucan.json; sourceTree = "<group>"; };
		574A3C2B245066060022CCB3 /* FrogAnnotation.swift */ = {isa = PBXFileReference; lastKnownFileType = sourcecode.swift; path = FrogAnnotation.swift; sourceTree = "<group>"; };
		576F2948247AD04D0078EC67 /* Frog1.usdz */ = {isa = PBXFileReference; lastKnownFileType = file.usdz; path = Frog1.usdz; sourceTree = "<group>"; };
		576F294A247AD3D90078EC67 /* Frog3Main.usdz */ = {isa = PBXFileReference; lastKnownFileType = file.usdz; path = Frog3Main.usdz; sourceTree = "<group>"; };
		577AA1A2247159E100B85AF6 /* GPX files (To simulate Locations) */ = {isa = PBXFileReference; lastKnownFileType = folder; path = "GPX files (To simulate Locations)"; sourceTree = "<group>"; };
		579B45462447084200EACA4B /* CoreDataHandler.swift */ = {isa = PBXFileReference; lastKnownFileType = sourcecode.swift; path = CoreDataHandler.swift; sourceTree = "<group>"; };
		579C04B6247B78D1003EEB6D /* greenwaves.json */ = {isa = PBXFileReference; fileEncoding = 4; lastKnownFileType = text.json; path = greenwaves.json; sourceTree = "<group>"; };
		57A3B899244315230011F674 /* Hola Frogger.app */ = {isa = PBXFileReference; explicitFileType = wrapper.application; includeInIndex = 0; path = "Hola Frogger.app"; sourceTree = BUILT_PRODUCTS_DIR; };
		57A3B89C244315230011F674 /* AppDelegate.swift */ = {isa = PBXFileReference; lastKnownFileType = sourcecode.swift; path = AppDelegate.swift; sourceTree = "<group>"; };
		57A3B89E244315230011F674 /* SceneDelegate.swift */ = {isa = PBXFileReference; lastKnownFileType = sourcecode.swift; path = SceneDelegate.swift; sourceTree = "<group>"; usesTabs = 0; };
		57A3B8A8244315230011F674 /* TabView.xcdatamodel */ = {isa = PBXFileReference; lastKnownFileType = wrapper.xcdatamodel; path = TabView.xcdatamodel; sourceTree = "<group>"; };
		57A3B8AA244315270011F674 /* Assets.xcassets */ = {isa = PBXFileReference; lastKnownFileType = folder.assetcatalog; path = Assets.xcassets; sourceTree = "<group>"; };
		57A3B8AD244315270011F674 /* Base */ = {isa = PBXFileReference; lastKnownFileType = file.storyboard; name = Base; path = Base.lproj/LaunchScreen.storyboard; sourceTree = "<group>"; };
		57A3B8AF244315270011F674 /* Info.plist */ = {isa = PBXFileReference; lastKnownFileType = text.plist.xml; path = Info.plist; sourceTree = "<group>"; };
		57F877E824763B5700D5501F /* Frog2Color.usdz */ = {isa = PBXFileReference; lastKnownFileType = file.usdz; path = Frog2Color.usdz; sourceTree = "<group>"; };
		93029B50E690F19607378EFC /* Pods-Hola Frogger.release.xcconfig */ = {isa = PBXFileReference; includeInIndex = 1; lastKnownFileType = text.xcconfig; name = "Pods-Hola Frogger.release.xcconfig"; path = "Target Support Files/Pods-Hola Frogger/Pods-Hola Frogger.release.xcconfig"; sourceTree = "<group>"; };
		ACBCC81B8DB64478F334A8A5 /* Pods-TabView.debug.xcconfig */ = {isa = PBXFileReference; includeInIndex = 1; lastKnownFileType = text.xcconfig; name = "Pods-TabView.debug.xcconfig"; path = "Target Support Files/Pods-TabView/Pods-TabView.debug.xcconfig"; sourceTree = "<group>"; };
		B728A1957D843A5C438F5737 /* Pods-Hola Frogger.debug.xcconfig */ = {isa = PBXFileReference; includeInIndex = 1; lastKnownFileType = text.xcconfig; name = "Pods-Hola Frogger.debug.xcconfig"; path = "Target Support Files/Pods-Hola Frogger/Pods-Hola Frogger.debug.xcconfig"; sourceTree = "<group>"; };
		B960A579246C3BA9003CFDE3 /* CardLayout.swift */ = {isa = PBXFileReference; lastKnownFileType = sourcecode.swift; path = CardLayout.swift; sourceTree = "<group>"; };
		B98A407C24725007006C2F2A /* award.json */ = {isa = PBXFileReference; fileEncoding = 4; lastKnownFileType = text.json; path = award.json; sourceTree = "<group>"; };
		B98A407E24725DE6006C2F2A /* FrogCell.swift */ = {isa = PBXFileReference; lastKnownFileType = sourcecode.swift; path = FrogCell.swift; sourceTree = "<group>"; };
		B9FD7A3F246C11CB0058B4B3 /* ChallengeCell.swift */ = {isa = PBXFileReference; lastKnownFileType = sourcecode.swift; path = ChallengeCell.swift; sourceTree = "<group>"; };
		B9FD7A43246C1B150058B4B3 /* GuideViewController.swift */ = {isa = PBXFileReference; lastKnownFileType = sourcecode.swift; path = GuideViewController.swift; sourceTree = "<group>"; };
		B9FD7A45246C1C7D0058B4B3 /* Page.swift */ = {isa = PBXFileReference; lastKnownFileType = sourcecode.swift; path = Page.swift; sourceTree = "<group>"; };
		B9FD7A47246C1CB00058B4B3 /* OnboardingPageCell.swift */ = {isa = PBXFileReference; lastKnownFileType = sourcecode.swift; path = OnboardingPageCell.swift; sourceTree = "<group>"; };
		B9FD7A49246C1D210058B4B3 /* OnboardingDoneCell.swift */ = {isa = PBXFileReference; lastKnownFileType = sourcecode.swift; path = OnboardingDoneCell.swift; sourceTree = "<group>"; };
		B9FD7A4B246C1F2C0058B4B3 /* 20301-newspaper-open.json */ = {isa = PBXFileReference; fileEncoding = 4; lastKnownFileType = text.json; path = "20301-newspaper-open.json"; sourceTree = "<group>"; };
		B9FD7A4C246C1F2C0058B4B3 /* 13357-route-finder.json */ = {isa = PBXFileReference; fileEncoding = 4; lastKnownFileType = text.json; path = "13357-route-finder.json"; sourceTree = "<group>"; };
		B9FD7A4D246C1F2C0058B4B3 /* 291-searchask-loop.json */ = {isa = PBXFileReference; fileEncoding = 4; lastKnownFileType = text.json; path = "291-searchask-loop.json"; sourceTree = "<group>"; };
		B9FD7A4E246C1F2C0058B4B3 /* 10548-forest.json */ = {isa = PBXFileReference; fileEncoding = 4; lastKnownFileType = text.json; path = "10548-forest.json"; sourceTree = "<group>"; };
		B9FD7A4F246C1F2D0058B4B3 /* 8878-done.json */ = {isa = PBXFileReference; fileEncoding = 4; lastKnownFileType = text.json; path = "8878-done.json"; sourceTree = "<group>"; };
		B9FD7A50246C1F2D0058B4B3 /* 336-search.json */ = {isa = PBXFileReference; fileEncoding = 4; lastKnownFileType = text.json; path = "336-search.json"; sourceTree = "<group>"; };
		B9FD7A51246C1F2D0058B4B3 /* 13005-refresh.json */ = {isa = PBXFileReference; fileEncoding = 4; lastKnownFileType = text.json; path = "13005-refresh.json"; sourceTree = "<group>"; };
		DEF23522100C96BCBF38C1D1 /* Pods-TabView.release.xcconfig */ = {isa = PBXFileReference; includeInIndex = 1; lastKnownFileType = text.xcconfig; name = "Pods-TabView.release.xcconfig"; path = "Target Support Files/Pods-TabView/Pods-TabView.release.xcconfig"; sourceTree = "<group>"; };
		DF0730DC2533AEEF002F3B31 /* HomeVC.swift */ = {isa = PBXFileReference; lastKnownFileType = sourcecode.swift; path = HomeVC.swift; sourceTree = "<group>"; };
		DF0730E02533BEC9002F3B31 /* NewsVC.swift */ = {isa = PBXFileReference; lastKnownFileType = sourcecode.swift; path = NewsVC.swift; sourceTree = "<group>"; };
		DF310DEF252EDD2F00A0F7A6 /* WelcomeViewController.swift */ = {isa = PBXFileReference; fileEncoding = 4; lastKnownFileType = sourcecode.swift; path = WelcomeViewController.swift; sourceTree = "<group>"; };
		DF355D80253FFB170086C806 /* IdentifyVC.swift */ = {isa = PBXFileReference; lastKnownFileType = sourcecode.swift; path = IdentifyVC.swift; sourceTree = "<group>"; };
		DF355D8425412A230086C806 /* MapVC.swift */ = {isa = PBXFileReference; lastKnownFileType = sourcecode.swift; path = MapVC.swift; sourceTree = "<group>"; };
		DF355D8825412F040086C806 /* FrogRecordsSevice.swift */ = {isa = PBXFileReference; lastKnownFileType = sourcecode.swift; path = FrogRecordsSevice.swift; sourceTree = "<group>"; };
		DF355D8B254130860086C806 /* MapViewModel.swift */ = {isa = PBXFileReference; lastKnownFileType = sourcecode.swift; path = MapViewModel.swift; sourceTree = "<group>"; };
		DF390A4125527A5700592256 /* TabBarView.swift */ = {isa = PBXFileReference; lastKnownFileType = sourcecode.swift; path = TabBarView.swift; sourceTree = "<group>"; };
		DF3EBFE22547F8F10059F1D6 /* NSAttributedString+Extension.swift */ = {isa = PBXFileReference; lastKnownFileType = sourcecode.swift; path = "NSAttributedString+Extension.swift"; sourceTree = "<group>"; };
		DF44BED42547FFB8004811F7 /* ChallengeVC.swift */ = {isa = PBXFileReference; lastKnownFileType = sourcecode.swift; path = ChallengeVC.swift; sourceTree = "<group>"; };
		DF44BED8254808D9004811F7 /* ChallengeCVCell.swift */ = {isa = PBXFileReference; lastKnownFileType = sourcecode.swift; path = ChallengeCVCell.swift; sourceTree = "<group>"; };
		DF44BEDB254822CE004811F7 /* ChallengeViewModel.swift */ = {isa = PBXFileReference; lastKnownFileType = sourcecode.swift; path = ChallengeViewModel.swift; sourceTree = "<group>"; };
		DF456CBF255CCE99002CE848 /* GoogleService-Info.plist */ = {isa = PBXFileReference; fileEncoding = 4; lastKnownFileType = text.plist.xml; name = "GoogleService-Info.plist"; path = "../../../../../Downloads/GoogleService-Info.plist"; sourceTree = "<group>"; };
		DF568D0A253414AD0022203E /* FrogsListVC.swift */ = {isa = PBXFileReference; lastKnownFileType = sourcecode.swift; path = FrogsListVC.swift; sourceTree = "<group>"; };
		DF568D0E25341E090022203E /* UIView+Extension.swift */ = {isa = PBXFileReference; lastKnownFileType = sourcecode.swift; path = "UIView+Extension.swift"; sourceTree = "<group>"; };
		DF568D13253420250022203E /* FrogTVCell.swift */ = {isa = PBXFileReference; lastKnownFileType = sourcecode.swift; path = FrogTVCell.swift; sourceTree = "<group>"; };
		DF568D1A25357D360022203E /* FrogsListViewModel.swift */ = {isa = PBXFileReference; lastKnownFileType = sourcecode.swift; path = FrogsListViewModel.swift; sourceTree = "<group>"; };
		DF8EAE63252ED60B009A9038 /* UnSightedFrogEntity+CoreDataClass.swift */ = {isa = PBXFileReference; fileEncoding = 4; lastKnownFileType = sourcecode.swift; path = "UnSightedFrogEntity+CoreDataClass.swift"; sourceTree = "<group>"; };
		DF8EAE64252ED60B009A9038 /* UnSightedFrogEntity+CoreDataProperties.swift */ = {isa = PBXFileReference; fileEncoding = 4; lastKnownFileType = sourcecode.swift; path = "UnSightedFrogEntity+CoreDataProperties.swift"; sourceTree = "<group>"; };
		DF8EAE68252ED61D009A9038 /* FrogEntity+CoreDataClass.swift */ = {isa = PBXFileReference; fileEncoding = 4; lastKnownFileType = sourcecode.swift; path = "FrogEntity+CoreDataClass.swift"; sourceTree = "<group>"; };
		DF8EAE69252ED61D009A9038 /* FrogEntity+CoreDataProperties.swift */ = {isa = PBXFileReference; fileEncoding = 4; lastKnownFileType = sourcecode.swift; path = "FrogEntity+CoreDataProperties.swift"; sourceTree = "<group>"; };
		DFA3BE94252EF47E009C742A /* Weather.swift */ = {isa = PBXFileReference; lastKnownFileType = sourcecode.swift; path = Weather.swift; sourceTree = "<group>"; };
		DFA3BE98252EF52D009C742A /* News.swift */ = {isa = PBXFileReference; lastKnownFileType = sourcecode.swift; path = News.swift; sourceTree = "<group>"; };
		DFA9FF6F25523F6A000CE4D5 /* AudioService.swift */ = {isa = PBXFileReference; lastKnownFileType = sourcecode.swift; path = AudioService.swift; sourceTree = "<group>"; };
		DFBCCDD625591903008284CF /* SpotLight.swift */ = {isa = PBXFileReference; lastKnownFileType = sourcecode.swift; path = SpotLight.swift; sourceTree = "<group>"; };
		DFBCCDDA25592904008284CF /* Size.swift */ = {isa = PBXFileReference; lastKnownFileType = sourcecode.swift; path = Size.swift; sourceTree = "<group>"; };
		DFD264D5254949EF000FF9DF /* ChallengeProtocol.swift */ = {isa = PBXFileReference; lastKnownFileType = sourcecode.swift; path = ChallengeProtocol.swift; sourceTree = "<group>"; };
		DFD264D825494BAD000FF9DF /* EnteredFrogsHabitatVC.swift */ = {isa = PBXFileReference; lastKnownFileType = sourcecode.swift; path = EnteredFrogsHabitatVC.swift; sourceTree = "<group>"; };
		DFD264DE254FD258000FF9DF /* Storage.swift */ = {isa = PBXFileReference; lastKnownFileType = sourcecode.swift; path = Storage.swift; sourceTree = "<group>"; };
		DFE187E025358C34003D772F /* NewsTVCell.swift */ = {isa = PBXFileReference; lastKnownFileType = sourcecode.swift; path = NewsTVCell.swift; sourceTree = "<group>"; };
		DFE187E325358F3B003D772F /* NewsViewModel.swift */ = {isa = PBXFileReference; lastKnownFileType = sourcecode.swift; path = NewsViewModel.swift; sourceTree = "<group>"; };
		DFE187E725358F93003D772F /* WebService.swift */ = {isa = PBXFileReference; lastKnownFileType = sourcecode.swift; path = WebService.swift; sourceTree = "<group>"; };
		DFE187EB25369E06003D772F /* NewsProtocol.swift */ = {isa = PBXFileReference; lastKnownFileType = sourcecode.swift; path = NewsProtocol.swift; sourceTree = "<group>"; };
		DFE187EF2536A953003D772F /* NewsDetailedVC.swift */ = {isa = PBXFileReference; lastKnownFileType = sourcecode.swift; path = NewsDetailedVC.swift; sourceTree = "<group>"; };
		DFE187F22536ACEA003D772F /* UIColor+Extension.swift */ = {isa = PBXFileReference; lastKnownFileType = sourcecode.swift; path = "UIColor+Extension.swift"; sourceTree = "<group>"; };
		DFE187F52536DF36003D772F /* FrogDetailsVC.swift */ = {isa = PBXFileReference; lastKnownFileType = sourcecode.swift; path = FrogDetailsVC.swift; sourceTree = "<group>"; };
		DFE187F82537D6F8003D772F /* FrogDetailsViewModel.swift */ = {isa = PBXFileReference; lastKnownFileType = sourcecode.swift; path = FrogDetailsViewModel.swift; sourceTree = "<group>"; };
		DFE187FB2537D72F003D772F /* WeatherProtocol.swift */ = {isa = PBXFileReference; lastKnownFileType = sourcecode.swift; path = WeatherProtocol.swift; sourceTree = "<group>"; };
/* End PBXFileReference section */

/* Begin PBXFrameworksBuildPhase section */
		57A3B896244315230011F674 /* Frameworks */ = {
			isa = PBXFrameworksBuildPhase;
			buildActionMask = 2147483647;
			files = (
				57320A7F2453477900ADE06C /* WebKit.framework in Frameworks */,
				DF90D7032543A3C300E5E511 /* StatusAlert in Frameworks */,
				EC2B8094073EF948ADA1C676 /* Pods_Hola_Frogger.framework in Frameworks */,
			);
			runOnlyForDeploymentPostprocessing = 0;
		};
/* End PBXFrameworksBuildPhase section */

/* Begin PBXGroup section */
		570D1C212470E9FE00B9FB22 /* Audio */ = {
			isa = PBXGroup;
			children = (
				570D1C262470EBE000B9FB22 /* confetti.mp3 */,
				570D1C222470EA0C00B9FB22 /* frog.mp3 */,
			);
			path = Audio;
			sourceTree = "<group>";
		};
		57320A7D2453477800ADE06C /* Frameworks */ = {
			isa = PBXGroup;
			children = (
				57320A7E2453477900ADE06C /* WebKit.framework */,
				17543AFAD565A26F7CFD39CA /* Pods_Hola_Frogger.framework */,
			);
			name = Frameworks;
			sourceTree = "<group>";
		};
		574DCD142463EC8B00BA40B7 /* More */ = {
			isa = PBXGroup;
			children = (
				570D1C1924705E5200B9FB22 /* confetti2.json */,
				570D1C1824705E5100B9FB22 /* nonetwork.json */,
				570D1C1A24705E5200B9FB22 /* sad1.json */,
			);
			path = More;
			sourceTree = "<group>";
		};
		579B454A2447442600EACA4B /* Core ML */ = {
			isa = PBXGroup;
			children = (
				57320A8024535A4300ADE06C /* FrogImageClassification Refined.mlmodel */,
			);
			path = "Core ML";
			sourceTree = "<group>";
		};
		579B455324477DF300EACA4B /* Inferface */ = {
			isa = PBXGroup;
			children = (
				57A3B8AC244315270011F674 /* LaunchScreen.storyboard */,
			);
			path = Inferface;
			sourceTree = "<group>";
		};
		57A3B890244315230011F674 = {
			isa = PBXGroup;
			children = (
				57A3B89B244315230011F674 /* Hola Frogger */,
				57A3B89A244315230011F674 /* Products */,
				57320A7D2453477800ADE06C /* Frameworks */,
				E71D97BDF56D4843DF18292D /* Pods */,
			);
			sourceTree = "<group>";
		};
		57A3B89A244315230011F674 /* Products */ = {
			isa = PBXGroup;
			children = (
				57A3B899244315230011F674 /* Hola Frogger.app */,
			);
			name = Products;
			sourceTree = "<group>";
		};
		57A3B89B244315230011F674 /* Hola Frogger */ = {
			isa = PBXGroup;
			children = (
				57A3B89C244315230011F674 /* AppDelegate.swift */,
				57A3B89E244315230011F674 /* SceneDelegate.swift */,
				DFBCCDD9255928E4008284CF /* Constants */,
				DF568D0D25341DEE0022203E /* Extension */,
				DF8FA408253EBC3400C917E2 /* Storage */,
				DFE187EA25369DEA003D772F /* Protocol */,
				DFE187E625358F70003D772F /* Service */,
				DF568D1925357D1A0022203E /* ViewModel */,
				DFA3BE91252EED2F009C742A /* View */,
				DF568D0325340D120022203E /* VC */,
				579B455324477DF300EACA4B /* Inferface */,
				DFA3BE93252EF455009C742A /* Model */,
				DF0FD6C3252ED4E000FE17FE /* CoreData+Entity+Handler */,
				DF0FD6C0252ED29E00FE17FE /* Support files */,
				57A3B8AF244315270011F674 /* Info.plist */,
				DF456CBF255CCE99002CE848 /* GoogleService-Info.plist */,
			);
			path = "Hola Frogger";
			sourceTree = "<group>";
		};
		57F877E724741BD300D5501F /* AR files */ = {
			isa = PBXGroup;
			children = (
				576F2948247AD04D0078EC67 /* Frog1.usdz */,
				57F877E824763B5700D5501F /* Frog2Color.usdz */,
				576F294A247AD3D90078EC67 /* Frog3Main.usdz */,
			);
			path = "AR files";
			sourceTree = "<group>";
		};
		DF0FD6C0252ED29E00FE17FE /* Support files */ = {
			isa = PBXGroup;
			children = (
				57A3B8AA244315270011F674 /* Assets.xcassets */,
				DFA3BE8C252EE5EE009C742A /* LottieFiles */,
				57F877E724741BD300D5501F /* AR files */,
				577AA1A2247159E100B85AF6 /* GPX files (To simulate Locations) */,
				579B454A2447442600EACA4B /* Core ML */,
				570D1C212470E9FE00B9FB22 /* Audio */,
			);
			path = "Support files";
			sourceTree = "<group>";
		};
		DF0FD6C1252ED39600FE17FE /* Onboarding */ = {
			isa = PBXGroup;
			children = (
				DF310DEF252EDD2F00A0F7A6 /* WelcomeViewController.swift */,
				B9FD7A43246C1B150058B4B3 /* GuideViewController.swift */,
				B9FD7A45246C1C7D0058B4B3 /* Page.swift */,
				B9FD7A47246C1CB00058B4B3 /* OnboardingPageCell.swift */,
				B9FD7A49246C1D210058B4B3 /* OnboardingDoneCell.swift */,
				B960A579246C3BA9003CFDE3 /* CardLayout.swift */,
			);
			path = Onboarding;
			sourceTree = "<group>";
		};
		DF0FD6C3252ED4E000FE17FE /* CoreData+Entity+Handler */ = {
			isa = PBXGroup;
			children = (
				57A3B8A7244315230011F674 /* TabView.xcdatamodeld */,
				579B45462447084200EACA4B /* CoreDataHandler.swift */,
				DF0FD6C6252ED58000FE17FE /* UnSighted */,
				DF0FD6C5252ED56F00FE17FE /* Frog */,
			);
			path = "CoreData+Entity+Handler";
			sourceTree = "<group>";
		};
		DF0FD6C5252ED56F00FE17FE /* Frog */ = {
			isa = PBXGroup;
			children = (
				DF8EAE68252ED61D009A9038 /* FrogEntity+CoreDataClass.swift */,
				DF8EAE69252ED61D009A9038 /* FrogEntity+CoreDataProperties.swift */,
			);
			path = Frog;
			sourceTree = "<group>";
		};
		DF0FD6C6252ED58000FE17FE /* UnSighted */ = {
			isa = PBXGroup;
			children = (
				DF8EAE63252ED60B009A9038 /* UnSightedFrogEntity+CoreDataClass.swift */,
				DF8EAE64252ED60B009A9038 /* UnSightedFrogEntity+CoreDataProperties.swift */,
			);
			path = UnSighted;
			sourceTree = "<group>";
		};
		DF355D7F253FFAF40086C806 /* Identify */ = {
			isa = PBXGroup;
			children = (
				DF355D80253FFB170086C806 /* IdentifyVC.swift */,
			);
			path = Identify;
			sourceTree = "<group>";
		};
		DF355D8325412A060086C806 /* Map */ = {
			isa = PBXGroup;
			children = (
				DF355D8425412A230086C806 /* MapVC.swift */,
				574A3C2B245066060022CCB3 /* FrogAnnotation.swift */,
			);
			path = Map;
			sourceTree = "<group>";
		};
		DF390A4025527A2400592256 /* TabBar */ = {
			isa = PBXGroup;
			children = (
				DF390A4125527A5700592256 /* TabBarView.swift */,
			);
			path = TabBar;
			sourceTree = "<group>";
		};
		DF44BED32547FF96004811F7 /* Challenge */ = {
			isa = PBXGroup;
			children = (
				DF44BED42547FFB8004811F7 /* ChallengeVC.swift */,
				DFD264D825494BAD000FF9DF /* EnteredFrogsHabitatVC.swift */,
			);
			path = Challenge;
			sourceTree = "<group>";
		};
		DF568D0325340D120022203E /* VC */ = {
			isa = PBXGroup;
			children = (
				DF0FD6C1252ED39600FE17FE /* Onboarding */,
				DF568D0425340D2B0022203E /* Home */,
				DF355D7F253FFAF40086C806 /* Identify */,
				DF44BED32547FF96004811F7 /* Challenge */,
				DF355D8325412A060086C806 /* Map */,
				DF568D0625340D390022203E /* News */,
			);
			path = VC;
			sourceTree = "<group>";
		};
		DF568D0425340D2B0022203E /* Home */ = {
			isa = PBXGroup;
			children = (
				DF0730DC2533AEEF002F3B31 /* HomeVC.swift */,
				DF568D0A253414AD0022203E /* FrogsListVC.swift */,
				DFE187F52536DF36003D772F /* FrogDetailsVC.swift */,
			);
			path = Home;
			sourceTree = "<group>";
		};
		DF568D0625340D390022203E /* News */ = {
			isa = PBXGroup;
			children = (
				DF0730E02533BEC9002F3B31 /* NewsVC.swift */,
				DFE187EF2536A953003D772F /* NewsDetailedVC.swift */,
			);
			path = News;
			sourceTree = "<group>";
		};
		DF568D0D25341DEE0022203E /* Extension */ = {
			isa = PBXGroup;
			children = (
				DF568D0E25341E090022203E /* UIView+Extension.swift */,
				DFE187F22536ACEA003D772F /* UIColor+Extension.swift */,
				DF3EBFE22547F8F10059F1D6 /* NSAttributedString+Extension.swift */,
			);
			path = Extension;
			sourceTree = "<group>";
		};
		DF568D1225341FED0022203E /* Programmatic */ = {
			isa = PBXGroup;
			children = (
				DF390A4025527A2400592256 /* TabBar */,
				DFBCCDD525591873008284CF /* Cells */,
				DFBCCDD625591903008284CF /* SpotLight.swift */,
			);
			path = Programmatic;
			sourceTree = "<group>";
		};
		DF568D1925357D1A0022203E /* ViewModel */ = {
			isa = PBXGroup;
			children = (
				DF568D1A25357D360022203E /* FrogsListViewModel.swift */,
				DFE187E325358F3B003D772F /* NewsViewModel.swift */,
				DFE187F82537D6F8003D772F /* FrogDetailsViewModel.swift */,
				DF355D8B254130860086C806 /* MapViewModel.swift */,
				DF44BEDB254822CE004811F7 /* ChallengeViewModel.swift */,
			);
			path = ViewModel;
			sourceTree = "<group>";
		};
		DF8FA408253EBC3400C917E2 /* Storage */ = {
			isa = PBXGroup;
			children = (
				DFD264DE254FD258000FF9DF /* Storage.swift */,
			);
			path = Storage;
			sourceTree = "<group>";
		};
		DFA3BE8C252EE5EE009C742A /* LottieFiles */ = {
			isa = PBXGroup;
			children = (
				DFBCCDCE25590392008284CF /* Home */,
				DFBCCDCF255903A0008284CF /* Onboarding */,
				DFBCCDD0255903C7008284CF /* Other */,
				574DCD142463EC8B00BA40B7 /* More */,
			);
			path = LottieFiles;
			sourceTree = "<group>";
		};
		DFA3BE91252EED2F009C742A /* View */ = {
			isa = PBXGroup;
			children = (
				DF568D1225341FED0022203E /* Programmatic */,
				B9FD7A3F246C11CB0058B4B3 /* ChallengeCell.swift */,
				B98A407E24725DE6006C2F2A /* FrogCell.swift */,
			);
			path = View;
			sourceTree = "<group>";
		};
		DFA3BE93252EF455009C742A /* Model */ = {
			isa = PBXGroup;
			children = (
				DFA3BE94252EF47E009C742A /* Weather.swift */,
				DFA3BE98252EF52D009C742A /* News.swift */,
			);
			path = Model;
			sourceTree = "<group>";
		};
		DFBCCDCE25590392008284CF /* Home */ = {
			isa = PBXGroup;
			children = (
				579C04B6247B78D1003EEB6D /* greenwaves.json */,
				57441D912463F00A00BC4DE0 /* catchmeifyoucan.json */,
			);
			path = Home;
			sourceTree = "<group>";
		};
		DFBCCDCF255903A0008284CF /* Onboarding */ = {
			isa = PBXGroup;
			children = (
				B9FD7A50246C1F2D0058B4B3 /* 336-search.json */,
				B9FD7A4E246C1F2C0058B4B3 /* 10548-forest.json */,
				B9FD7A4D246C1F2C0058B4B3 /* 291-searchask-loop.json */,
				B9FD7A4B246C1F2C0058B4B3 /* 20301-newspaper-open.json */,
				B9FD7A4C246C1F2C0058B4B3 /* 13357-route-finder.json */,
			);
			path = Onboarding;
			sourceTree = "<group>";
		};
		DFBCCDD0255903C7008284CF /* Other */ = {
			isa = PBXGroup;
			children = (
				B9FD7A4F246C1F2D0058B4B3 /* 8878-done.json */,
				570D1C1B24705E5200B9FB22 /* confetti1.json */,
				B9FD7A51246C1F2D0058B4B3 /* 13005-refresh.json */,
				B98A407C24725007006C2F2A /* award.json */,
				570D1C1724705E5100B9FB22 /* sad2.json */,
			);
			path = Other;
			sourceTree = "<group>";
		};
		DFBCCDD525591873008284CF /* Cells */ = {
			isa = PBXGroup;
			children = (
				DF568D13253420250022203E /* FrogTVCell.swift */,
				DFE187E025358C34003D772F /* NewsTVCell.swift */,
				DF44BED8254808D9004811F7 /* ChallengeCVCell.swift */,
			);
			path = Cells;
			sourceTree = "<group>";
		};
		DFBCCDD9255928E4008284CF /* Constants */ = {
			isa = PBXGroup;
			children = (
				DFBCCDDA25592904008284CF /* Size.swift */,
			);
			path = Constants;
			sourceTree = "<group>";
		};
		DFE187E625358F70003D772F /* Service */ = {
			isa = PBXGroup;
			children = (
				DFE187E725358F93003D772F /* WebService.swift */,
				DF355D8825412F040086C806 /* FrogRecordsSevice.swift */,
				DFA9FF6F25523F6A000CE4D5 /* AudioService.swift */,
			);
			path = Service;
			sourceTree = "<group>";
		};
		DFE187EA25369DEA003D772F /* Protocol */ = {
			isa = PBXGroup;
			children = (
				DFE187EB25369E06003D772F /* NewsProtocol.swift */,
				DFE187FB2537D72F003D772F /* WeatherProtocol.swift */,
				DFD264D5254949EF000FF9DF /* ChallengeProtocol.swift */,
			);
			path = Protocol;
			sourceTree = "<group>";
		};
		E71D97BDF56D4843DF18292D /* Pods */ = {
			isa = PBXGroup;
			children = (
				ACBCC81B8DB64478F334A8A5 /* Pods-TabView.debug.xcconfig */,
				DEF23522100C96BCBF38C1D1 /* Pods-TabView.release.xcconfig */,
				B728A1957D843A5C438F5737 /* Pods-Hola Frogger.debug.xcconfig */,
				93029B50E690F19607378EFC /* Pods-Hola Frogger.release.xcconfig */,
			);
			path = Pods;
			sourceTree = "<group>";
		};
/* End PBXGroup section */

/* Begin PBXNativeTarget section */
		57A3B898244315230011F674 /* Hola Frogger */ = {
			isa = PBXNativeTarget;
			buildConfigurationList = 57A3B8B2244315270011F674 /* Build configuration list for PBXNativeTarget "Hola Frogger" */;
			buildPhases = (
				F1770C10371497F05260C084 /* [CP] Check Pods Manifest.lock */,
				57A3B895244315230011F674 /* Sources */,
				57A3B896244315230011F674 /* Frameworks */,
				57A3B897244315230011F674 /* Resources */,
				FD78217FC0CD21DBE1B855C5 /* [CP] Embed Pods Frameworks */,
				DF456CC3255CD1B0002CE848 /* ShellScript */,
			);
			buildRules = (
			);
			dependencies = (
			);
			name = "Hola Frogger";
			packageProductDependencies = (
				DF90D7022543A3C300E5E511 /* StatusAlert */,
			);
			productName = TabView;
			productReference = 57A3B899244315230011F674 /* Hola Frogger.app */;
			productType = "com.apple.product-type.application";
		};
/* End PBXNativeTarget section */

/* Begin PBXProject section */
		57A3B891244315230011F674 /* Project object */ = {
			isa = PBXProject;
			attributes = {
				LastSwiftUpdateCheck = 1140;
				LastUpgradeCheck = 1140;
				ORGANIZATIONNAME = Varma;
				TargetAttributes = {
					57A3B898244315230011F674 = {
						CreatedOnToolsVersion = 11.4;
					};
				};
			};
			buildConfigurationList = 57A3B894244315230011F674 /* Build configuration list for PBXProject "Hola Frogger" */;
			compatibilityVersion = "Xcode 9.3";
			developmentRegion = en;
			hasScannedForEncodings = 0;
			knownRegions = (
				en,
				Base,
			);
			mainGroup = 57A3B890244315230011F674;
			packageReferences = (
				DF90D7012543A3C200E5E511 /* XCRemoteSwiftPackageReference "StatusAlert" */,
			);
			productRefGroup = 57A3B89A244315230011F674 /* Products */;
			projectDirPath = "";
			projectRoot = "";
			targets = (
				57A3B898244315230011F674 /* Hola Frogger */,
			);
		};
/* End PBXProject section */

/* Begin PBXResourcesBuildPhase section */
		57A3B897244315230011F674 /* Resources */ = {
			isa = PBXResourcesBuildPhase;
			buildActionMask = 2147483647;
			files = (
				57A3B8AE244315270011F674 /* LaunchScreen.storyboard in Resources */,
				57441D922463F00A00BC4DE0 /* catchmeifyoucan.json in Resources */,
				570D1C1E24705E5200B9FB22 /* confetti2.json in Resources */,
				B98A407D24725008006C2F2A /* award.json in Resources */,
				576F2949247AD04D0078EC67 /* Frog1.usdz in Resources */,
				570D1C1F24705E5200B9FB22 /* sad1.json in Resources */,
				B9FD7A58246C1F2D0058B4B3 /* 13005-refresh.json in Resources */,
				579C04B7247B78D1003EEB6D /* greenwaves.json in Resources */,
				B9FD7A56246C1F2D0058B4B3 /* 8878-done.json in Resources */,
				B9FD7A53246C1F2D0058B4B3 /* 13357-route-finder.json in Resources */,
				570D1C1D24705E5200B9FB22 /* nonetwork.json in Resources */,
				B9FD7A54246C1F2D0058B4B3 /* 291-searchask-loop.json in Resources */,
				57F877E924763B5700D5501F /* Frog2Color.usdz in Resources */,
				B9FD7A55246C1F2D0058B4B3 /* 10548-forest.json in Resources */,
				B9FD7A52246C1F2D0058B4B3 /* 20301-newspaper-open.json in Resources */,
				57A3B8AB244315270011F674 /* Assets.xcassets in Resources */,
				570D1C232470EA0C00B9FB22 /* frog.mp3 in Resources */,
				DF456CC0255CCE99002CE848 /* GoogleService-Info.plist in Resources */,
				570D1C1C24705E5200B9FB22 /* sad2.json in Resources */,
				B9FD7A57246C1F2D0058B4B3 /* 336-search.json in Resources */,
				570D1C2024705E5200B9FB22 /* confetti1.json in Resources */,
				577AA1A3247159E100B85AF6 /* GPX files (To simulate Locations) in Resources */,
				570D1C272470EBE100B9FB22 /* confetti.mp3 in Resources */,
				576F294B247AD3D90078EC67 /* Frog3Main.usdz in Resources */,
			);
			runOnlyForDeploymentPostprocessing = 0;
		};
/* End PBXResourcesBuildPhase section */

/* Begin PBXShellScriptBuildPhase section */
		DF456CC3255CD1B0002CE848 /* ShellScript */ = {
			isa = PBXShellScriptBuildPhase;
			buildActionMask = 2147483647;
			files = (
			);
			inputFileListPaths = (
			);
			inputPaths = (
				"${DWARF_DSYM_FOLDER_PATH}/${DWARF_DSYM_FILE_NAME}/Contents/Resources/DWARF/${TARGET_NAME}",
				"$(SRCROOT)/$(BUILT_PRODUCTS_DIR)/$(INFOPLIST_PATH)",
			);
			outputFileListPaths = (
			);
			outputPaths = (
			);
			runOnlyForDeploymentPostprocessing = 0;
			shellPath = /bin/sh;
			shellScript = "\"${PODS_ROOT}/FirebaseCrashlytics/run\"\n";
		};
		F1770C10371497F05260C084 /* [CP] Check Pods Manifest.lock */ = {
			isa = PBXShellScriptBuildPhase;
			buildActionMask = 2147483647;
			files = (
			);
			inputFileListPaths = (
			);
			inputPaths = (
				"${PODS_PODFILE_DIR_PATH}/Podfile.lock",
				"${PODS_ROOT}/Manifest.lock",
			);
			name = "[CP] Check Pods Manifest.lock";
			outputFileListPaths = (
			);
			outputPaths = (
				"$(DERIVED_FILE_DIR)/Pods-Hola Frogger-checkManifestLockResult.txt",
			);
			runOnlyForDeploymentPostprocessing = 0;
			shellPath = /bin/sh;
			shellScript = "diff \"${PODS_PODFILE_DIR_PATH}/Podfile.lock\" \"${PODS_ROOT}/Manifest.lock\" > /dev/null\nif [ $? != 0 ] ; then\n    # print error to STDERR\n    echo \"error: The sandbox is not in sync with the Podfile.lock. Run 'pod install' or update your CocoaPods installation.\" >&2\n    exit 1\nfi\n# This output is used by Xcode 'outputs' to avoid re-running this script phase.\necho \"SUCCESS\" > \"${SCRIPT_OUTPUT_FILE_0}\"\n";
			showEnvVarsInLog = 0;
		};
		FD78217FC0CD21DBE1B855C5 /* [CP] Embed Pods Frameworks */ = {
			isa = PBXShellScriptBuildPhase;
			buildActionMask = 2147483647;
			files = (
			);
			inputFileListPaths = (
				"${PODS_ROOT}/Target Support Files/Pods-Hola Frogger/Pods-Hola Frogger-frameworks-${CONFIGURATION}-input-files.xcfilelist",
			);
			name = "[CP] Embed Pods Frameworks";
			outputFileListPaths = (
				"${PODS_ROOT}/Target Support Files/Pods-Hola Frogger/Pods-Hola Frogger-frameworks-${CONFIGURATION}-output-files.xcfilelist",
			);
			runOnlyForDeploymentPostprocessing = 0;
			shellPath = /bin/sh;
			shellScript = "\"${PODS_ROOT}/Target Support Files/Pods-Hola Frogger/Pods-Hola Frogger-frameworks.sh\"\n";
			showEnvVarsInLog = 0;
		};
/* End PBXShellScriptBuildPhase section */

/* Begin PBXSourcesBuildPhase section */
		57A3B895244315230011F674 /* Sources */ = {
			isa = PBXSourcesBuildPhase;
			buildActionMask = 2147483647;
			files = (
				DF355D8925412F040086C806 /* FrogRecordsSevice.swift in Sources */,
				DF0730DD2533AEEF002F3B31 /* HomeVC.swift in Sources */,
				DF568D1B25357D360022203E /* FrogsListViewModel.swift in Sources */,
				DF44BED9254808D9004811F7 /* ChallengeCVCell.swift in Sources */,
				579B45472447084200EACA4B /* CoreDataHandler.swift in Sources */,
				B98A407F24725DE6006C2F2A /* FrogCell.swift in Sources */,
				DF44BED52547FFB8004811F7 /* ChallengeVC.swift in Sources */,
				B960A57A246C3BA9003CFDE3 /* CardLayout.swift in Sources */,
				DF355D8525412A230086C806 /* MapVC.swift in Sources */,
				574A3C2C245066060022CCB3 /* FrogAnnotation.swift in Sources */,
				DF568D0F25341E090022203E /* UIView+Extension.swift in Sources */,
				DF355D81253FFB170086C806 /* IdentifyVC.swift in Sources */,
				57A3B89D244315230011F674 /* AppDelegate.swift in Sources */,
				DFE187F32536ACEB003D772F /* UIColor+Extension.swift in Sources */,
				DFBCCDDB25592904008284CF /* Size.swift in Sources */,
				DF568D14253420250022203E /* FrogTVCell.swift in Sources */,
				B9FD7A48246C1CB00058B4B3 /* OnboardingPageCell.swift in Sources */,
				DF8EAE65252ED60B009A9038 /* UnSightedFrogEntity+CoreDataClass.swift in Sources */,
				DFE187F02536A953003D772F /* NewsDetailedVC.swift in Sources */,
				DFD264D925494BAD000FF9DF /* EnteredFrogsHabitatVC.swift in Sources */,
				DF0730E12533BEC9002F3B31 /* NewsVC.swift in Sources */,
				DFA9FF7025523F6A000CE4D5 /* AudioService.swift in Sources */,
				DF8EAE6B252ED61D009A9038 /* FrogEntity+CoreDataProperties.swift in Sources */,
				DFE187E125358C34003D772F /* NewsTVCell.swift in Sources */,
				DFE187FC2537D72F003D772F /* WeatherProtocol.swift in Sources */,
				DF8EAE6A252ED61D009A9038 /* FrogEntity+CoreDataClass.swift in Sources */,
				DFE187E425358F3B003D772F /* NewsViewModel.swift in Sources */,
				57320A8124535A4300ADE06C /* FrogImageClassification Refined.mlmodel in Sources */,
				DFE187F62536DF36003D772F /* FrogDetailsVC.swift in Sources */,
				DF390A4225527A5700592256 /* TabBarView.swift in Sources */,
				DF310DF0252EDD2F00A0F7A6 /* WelcomeViewController.swift in Sources */,
				DF44BEDC254822CE004811F7 /* ChallengeViewModel.swift in Sources */,
				DFE187EC25369E06003D772F /* NewsProtocol.swift in Sources */,
				DF8EAE66252ED60B009A9038 /* UnSightedFrogEntity+CoreDataProperties.swift in Sources */,
				DFA3BE95252EF47E009C742A /* Weather.swift in Sources */,
				DFE187F92537D6F8003D772F /* FrogDetailsViewModel.swift in Sources */,
				B9FD7A44246C1B150058B4B3 /* GuideViewController.swift in Sources */,
				DF355D8C254130860086C806 /* MapViewModel.swift in Sources */,
				B9FD7A46246C1C7D0058B4B3 /* Page.swift in Sources */,
				DFBCCDD725591903008284CF /* SpotLight.swift in Sources */,
				DF3EBFE32547F8F10059F1D6 /* NSAttributedString+Extension.swift in Sources */,
				DFD264D6254949F0000FF9DF /* ChallengeProtocol.swift in Sources */,
				57A3B8A9244315230011F674 /* TabView.xcdatamodeld in Sources */,
				B9FD7A40246C11CB0058B4B3 /* ChallengeCell.swift in Sources */,
				DF568D0B253414AD0022203E /* FrogsListVC.swift in Sources */,
				57A3B89F244315230011F674 /* SceneDelegate.swift in Sources */,
				DFD264DF254FD258000FF9DF /* Storage.swift in Sources */,
				DFA3BE99252EF52D009C742A /* News.swift in Sources */,
				B9FD7A4A246C1D210058B4B3 /* OnboardingDoneCell.swift in Sources */,
				DFE187E825358F93003D772F /* WebService.swift in Sources */,
			);
			runOnlyForDeploymentPostprocessing = 0;
		};
/* End PBXSourcesBuildPhase section */

/* Begin PBXVariantGroup section */
		57A3B8AC244315270011F674 /* LaunchScreen.storyboard */ = {
			isa = PBXVariantGroup;
			children = (
				57A3B8AD244315270011F674 /* Base */,
			);
			name = LaunchScreen.storyboard;
			sourceTree = "<group>";
		};
/* End PBXVariantGroup section */

/* Begin XCBuildConfiguration section */
		57A3B8B0244315270011F674 /* Debug */ = {
			isa = XCBuildConfiguration;
			buildSettings = {
				ALWAYS_SEARCH_USER_PATHS = NO;
				CLANG_ANALYZER_NONNULL = YES;
				CLANG_ANALYZER_NUMBER_OBJECT_CONVERSION = YES_AGGRESSIVE;
				CLANG_CXX_LANGUAGE_STANDARD = "gnu++14";
				CLANG_CXX_LIBRARY = "libc++";
				CLANG_ENABLE_MODULES = YES;
				CLANG_ENABLE_OBJC_ARC = YES;
				CLANG_ENABLE_OBJC_WEAK = YES;
				CLANG_WARN_BLOCK_CAPTURE_AUTORELEASING = YES;
				CLANG_WARN_BOOL_CONVERSION = YES;
				CLANG_WARN_COMMA = YES;
				CLANG_WARN_CONSTANT_CONVERSION = YES;
				CLANG_WARN_DEPRECATED_OBJC_IMPLEMENTATIONS = YES;
				CLANG_WARN_DIRECT_OBJC_ISA_USAGE = YES_ERROR;
				CLANG_WARN_DOCUMENTATION_COMMENTS = YES;
				CLANG_WARN_EMPTY_BODY = YES;
				CLANG_WARN_ENUM_CONVERSION = YES;
				CLANG_WARN_INFINITE_RECURSION = YES;
				CLANG_WARN_INT_CONVERSION = YES;
				CLANG_WARN_NON_LITERAL_NULL_CONVERSION = YES;
				CLANG_WARN_OBJC_IMPLICIT_RETAIN_SELF = YES;
				CLANG_WARN_OBJC_LITERAL_CONVERSION = YES;
				CLANG_WARN_OBJC_ROOT_CLASS = YES_ERROR;
				CLANG_WARN_RANGE_LOOP_ANALYSIS = YES;
				CLANG_WARN_STRICT_PROTOTYPES = YES;
				CLANG_WARN_SUSPICIOUS_MOVE = YES;
				CLANG_WARN_UNGUARDED_AVAILABILITY = YES_AGGRESSIVE;
				CLANG_WARN_UNREACHABLE_CODE = YES;
				CLANG_WARN__DUPLICATE_METHOD_MATCH = YES;
				COPY_PHASE_STRIP = NO;
				DEBUG_INFORMATION_FORMAT = "dwarf-with-dsym";
				ENABLE_STRICT_OBJC_MSGSEND = YES;
				ENABLE_TESTABILITY = YES;
				GCC_C_LANGUAGE_STANDARD = gnu11;
				GCC_DYNAMIC_NO_PIC = NO;
				GCC_NO_COMMON_BLOCKS = YES;
				GCC_OPTIMIZATION_LEVEL = 0;
				GCC_PREPROCESSOR_DEFINITIONS = (
					"DEBUG=1",
					"$(inherited)",
				);
				GCC_WARN_64_TO_32_BIT_CONVERSION = YES;
				GCC_WARN_ABOUT_RETURN_TYPE = YES_ERROR;
				GCC_WARN_UNDECLARED_SELECTOR = YES;
				GCC_WARN_UNINITIALIZED_AUTOS = YES_AGGRESSIVE;
				GCC_WARN_UNUSED_FUNCTION = YES;
				GCC_WARN_UNUSED_VARIABLE = YES;
				IPHONEOS_DEPLOYMENT_TARGET = 12.0;
				MTL_ENABLE_DEBUG_INFO = INCLUDE_SOURCE;
				MTL_FAST_MATH = YES;
				ONLY_ACTIVE_ARCH = YES;
				SDKROOT = iphoneos;
				SWIFT_ACTIVE_COMPILATION_CONDITIONS = DEBUG;
				SWIFT_OPTIMIZATION_LEVEL = "-Onone";
			};
			name = Debug;
		};
		57A3B8B1244315270011F674 /* Release */ = {
			isa = XCBuildConfiguration;
			buildSettings = {
				ALWAYS_SEARCH_USER_PATHS = NO;
				CLANG_ANALYZER_NONNULL = YES;
				CLANG_ANALYZER_NUMBER_OBJECT_CONVERSION = YES_AGGRESSIVE;
				CLANG_CXX_LANGUAGE_STANDARD = "gnu++14";
				CLANG_CXX_LIBRARY = "libc++";
				CLANG_ENABLE_MODULES = YES;
				CLANG_ENABLE_OBJC_ARC = YES;
				CLANG_ENABLE_OBJC_WEAK = YES;
				CLANG_WARN_BLOCK_CAPTURE_AUTORELEASING = YES;
				CLANG_WARN_BOOL_CONVERSION = YES;
				CLANG_WARN_COMMA = YES;
				CLANG_WARN_CONSTANT_CONVERSION = YES;
				CLANG_WARN_DEPRECATED_OBJC_IMPLEMENTATIONS = YES;
				CLANG_WARN_DIRECT_OBJC_ISA_USAGE = YES_ERROR;
				CLANG_WARN_DOCUMENTATION_COMMENTS = YES;
				CLANG_WARN_EMPTY_BODY = YES;
				CLANG_WARN_ENUM_CONVERSION = YES;
				CLANG_WARN_INFINITE_RECURSION = YES;
				CLANG_WARN_INT_CONVERSION = YES;
				CLANG_WARN_NON_LITERAL_NULL_CONVERSION = YES;
				CLANG_WARN_OBJC_IMPLICIT_RETAIN_SELF = YES;
				CLANG_WARN_OBJC_LITERAL_CONVERSION = YES;
				CLANG_WARN_OBJC_ROOT_CLASS = YES_ERROR;
				CLANG_WARN_RANGE_LOOP_ANALYSIS = YES;
				CLANG_WARN_STRICT_PROTOTYPES = YES;
				CLANG_WARN_SUSPICIOUS_MOVE = YES;
				CLANG_WARN_UNGUARDED_AVAILABILITY = YES_AGGRESSIVE;
				CLANG_WARN_UNREACHABLE_CODE = YES;
				CLANG_WARN__DUPLICATE_METHOD_MATCH = YES;
				COPY_PHASE_STRIP = NO;
				DEBUG_INFORMATION_FORMAT = "dwarf-with-dsym";
				ENABLE_NS_ASSERTIONS = NO;
				ENABLE_STRICT_OBJC_MSGSEND = YES;
				GCC_C_LANGUAGE_STANDARD = gnu11;
				GCC_NO_COMMON_BLOCKS = YES;
				GCC_WARN_64_TO_32_BIT_CONVERSION = YES;
				GCC_WARN_ABOUT_RETURN_TYPE = YES_ERROR;
				GCC_WARN_UNDECLARED_SELECTOR = YES;
				GCC_WARN_UNINITIALIZED_AUTOS = YES_AGGRESSIVE;
				GCC_WARN_UNUSED_FUNCTION = YES;
				GCC_WARN_UNUSED_VARIABLE = YES;
				IPHONEOS_DEPLOYMENT_TARGET = 12.0;
				MTL_ENABLE_DEBUG_INFO = NO;
				MTL_FAST_MATH = YES;
				SDKROOT = iphoneos;
				SWIFT_COMPILATION_MODE = wholemodule;
				SWIFT_OPTIMIZATION_LEVEL = "-O";
				VALIDATE_PRODUCT = YES;
			};
			name = Release;
		};
		57A3B8B3244315270011F674 /* Debug */ = {
			isa = XCBuildConfiguration;
			baseConfigurationReference = B728A1957D843A5C438F5737 /* Pods-Hola Frogger.debug.xcconfig */;
			buildSettings = {
				ASSETCATALOG_COMPILER_APPICON_NAME = AppIcon;
				CODE_SIGN_STYLE = Automatic;
				DEVELOPMENT_TEAM = 5G9HGCW6QY;
				INFOPLIST_FILE = "Hola Frogger/Info.plist";
				IPHONEOS_DEPLOYMENT_TARGET = 13.1;
				LD_RUNPATH_SEARCH_PATHS = (
					"$(inherited)",
					"@executable_path/Frameworks",
				);
				PRODUCT_BUNDLE_IDENTIFIER = com.SwiftINY.Studio.HolaFrogger;
				PRODUCT_NAME = "Hola Frogger";
				SWIFT_VERSION = 5.0;
				TARGETED_DEVICE_FAMILY = 1;
			};
			name = Debug;
		};
		57A3B8B4244315270011F674 /* Release */ = {
			isa = XCBuildConfiguration;
			baseConfigurationReference = 93029B50E690F19607378EFC /* Pods-Hola Frogger.release.xcconfig */;
			buildSettings = {
				ASSETCATALOG_COMPILER_APPICON_NAME = AppIcon;
				CODE_SIGN_STYLE = Automatic;
				DEVELOPMENT_TEAM = 5G9HGCW6QY;
				INFOPLIST_FILE = "Hola Frogger/Info.plist";
				IPHONEOS_DEPLOYMENT_TARGET = 13.1;
				LD_RUNPATH_SEARCH_PATHS = (
					"$(inherited)",
					"@executable_path/Frameworks",
				);
				PRODUCT_BUNDLE_IDENTIFIER = com.SwiftINY.Studio.HolaFrogger;
				PRODUCT_NAME = "Hola Frogger";
				SWIFT_VERSION = 5.0;
				TARGETED_DEVICE_FAMILY = 1;
			};
			name = Release;
		};
/* End XCBuildConfiguration section */

/* Begin XCConfigurationList section */
		57A3B894244315230011F674 /* Build configuration list for PBXProject "Hola Frogger" */ = {
			isa = XCConfigurationList;
			buildConfigurations = (
				57A3B8B0244315270011F674 /* Debug */,
				57A3B8B1244315270011F674 /* Release */,
			);
			defaultConfigurationIsVisible = 0;
			defaultConfigurationName = Release;
		};
		57A3B8B2244315270011F674 /* Build configuration list for PBXNativeTarget "Hola Frogger" */ = {
			isa = XCConfigurationList;
			buildConfigurations = (
				57A3B8B3244315270011F674 /* Debug */,
				57A3B8B4244315270011F674 /* Release */,
			);
			defaultConfigurationIsVisible = 0;
			defaultConfigurationName = Release;
		};
/* End XCConfigurationList section */

/* Begin XCRemoteSwiftPackageReference section */
		DF90D7012543A3C200E5E511 /* XCRemoteSwiftPackageReference "StatusAlert" */ = {
			isa = XCRemoteSwiftPackageReference;
			repositoryURL = "https://github.com/LowKostKustomz/StatusAlert.git";
			requirement = {
				branch = master;
				kind = branch;
			};
		};
/* End XCRemoteSwiftPackageReference section */

/* Begin XCSwiftPackageProductDependency section */
		DF90D7022543A3C300E5E511 /* StatusAlert */ = {
			isa = XCSwiftPackageProductDependency;
			package = DF90D7012543A3C200E5E511 /* XCRemoteSwiftPackageReference "StatusAlert" */;
			productName = StatusAlert;
		};
/* End XCSwiftPackageProductDependency section */

/* Begin XCVersionGroup section */
		57A3B8A7244315230011F674 /* TabView.xcdatamodeld */ = {
			isa = XCVersionGroup;
			children = (
				57A3B8A8244315230011F674 /* TabView.xcdatamodel */,
			);
			currentVersion = 57A3B8A8244315230011F674 /* TabView.xcdatamodel */;
			path = TabView.xcdatamodeld;
			sourceTree = "<group>";
			versionGroupType = wrapper.xcdatamodel;
		};
/* End XCVersionGroup section */
	};
	rootObject = 57A3B891244315230011F674 /* Project object */;
}
