// !$*UTF8*$!
{
	archiveVersion = 1;
	classes = {
	};
	objectVersion = 51;
	objects = {

/* Begin PBXBuildFile section */
		570D1C14247015E500B9FB22 /* VisitedViewController.swift in Sources */ = {isa = PBXBuildFile; fileRef = 570D1C13247015E500B9FB22 /* VisitedViewController.swift */; };
		570D1C162470551B00B9FB22 /* test.mp3 in Resources */ = {isa = PBXBuildFile; fileRef = 570D1C152470551B00B9FB22 /* test.mp3 */; };
		570D1C1C24705E5200B9FB22 /* sad2.json in Resources */ = {isa = PBXBuildFile; fileRef = 570D1C1724705E5100B9FB22 /* sad2.json */; };
		570D1C1D24705E5200B9FB22 /* nonetwork.json in Resources */ = {isa = PBXBuildFile; fileRef = 570D1C1824705E5100B9FB22 /* nonetwork.json */; };
		570D1C1E24705E5200B9FB22 /* confetti2.json in Resources */ = {isa = PBXBuildFile; fileRef = 570D1C1924705E5200B9FB22 /* confetti2.json */; };
		570D1C1F24705E5200B9FB22 /* sad1.json in Resources */ = {isa = PBXBuildFile; fileRef = 570D1C1A24705E5200B9FB22 /* sad1.json */; };
		570D1C2024705E5200B9FB22 /* confetti1.json in Resources */ = {isa = PBXBuildFile; fileRef = 570D1C1B24705E5200B9FB22 /* confetti1.json */; };
		570D1C232470EA0C00B9FB22 /* frog.mp3 in Resources */ = {isa = PBXBuildFile; fileRef = 570D1C222470EA0C00B9FB22 /* frog.mp3 */; };
		570D1C252470EBA700B9FB22 /* sad.mp3 in Resources */ = {isa = PBXBuildFile; fileRef = 570D1C242470EBA700B9FB22 /* sad.mp3 */; };
		570D1C272470EBE100B9FB22 /* confetti.mp3 in Resources */ = {isa = PBXBuildFile; fileRef = 570D1C262470EBE000B9FB22 /* confetti.mp3 */; };
		57320A7C245344BC00ADE06C /* FrogImageClassification 3.mlmodel in Sources */ = {isa = PBXBuildFile; fileRef = 57320A7B245344BC00ADE06C /* FrogImageClassification 3.mlmodel */; };
		57320A7F2453477900ADE06C /* WebKit.framework in Frameworks */ = {isa = PBXBuildFile; fileRef = 57320A7E2453477900ADE06C /* WebKit.framework */; };
		57320A8124535A4300ADE06C /* FrogImageClassification Refined.mlmodel in Sources */ = {isa = PBXBuildFile; fileRef = 57320A8024535A4300ADE06C /* FrogImageClassification Refined.mlmodel */; };
		57441D922463F00A00BC4DE0 /* catchmeifyoucan.json in Resources */ = {isa = PBXBuildFile; fileRef = 57441D912463F00A00BC4DE0 /* catchmeifyoucan.json */; };
		574A3C2A24505E850022CCB3 /* MapViewController.swift in Sources */ = {isa = PBXBuildFile; fileRef = 574A3C2924505E840022CCB3 /* MapViewController.swift */; };
		574A3C2C245066060022CCB3 /* FrogAnnotation.swift in Sources */ = {isa = PBXBuildFile; fileRef = 574A3C2B245066060022CCB3 /* FrogAnnotation.swift */; };
		5757F98A24639E3600F8D75C /* HomeViewController.swift in Sources */ = {isa = PBXBuildFile; fileRef = 5757F98924639E3600F8D75C /* HomeViewController.swift */; };
		576F2949247AD04D0078EC67 /* Frog2usdz.usdz in Resources */ = {isa = PBXBuildFile; fileRef = 576F2948247AD04D0078EC67 /* Frog2usdz.usdz */; };
		576F294B247AD3D90078EC67 /* FrogScaledUsdz.usdz in Resources */ = {isa = PBXBuildFile; fileRef = 576F294A247AD3D90078EC67 /* FrogScaledUsdz.usdz */; };
		577AA1A3247159E100B85AF6 /* GPX files (To simulate Locations) in Resources */ = {isa = PBXBuildFile; fileRef = 577AA1A2247159E100B85AF6 /* GPX files (To simulate Locations) */; };
		579B45472447084200EACA4B /* CoreDataHandler.swift in Sources */ = {isa = PBXBuildFile; fileRef = 579B45462447084200EACA4B /* CoreDataHandler.swift */; };
		579C04B7247B78D1003EEB6D /* greenwaves.json in Resources */ = {isa = PBXBuildFile; fileRef = 579C04B6247B78D1003EEB6D /* greenwaves.json */; };
		579EE7A724433BCC00321C7E /* BearBottle.mlmodel in Sources */ = {isa = PBXBuildFile; fileRef = 579EE7A624433BCC00321C7E /* BearBottle.mlmodel */; };
		579EE7A92444763000321C7E /* NewsViewController.swift in Sources */ = {isa = PBXBuildFile; fileRef = 579EE7A82444763000321C7E /* NewsViewController.swift */; };
		579EE7AD2444CB2D00321C7E /* DetailsViewController.swift in Sources */ = {isa = PBXBuildFile; fileRef = 579EE7AC2444CB2D00321C7E /* DetailsViewController.swift */; };
		579EE7AF2444D96A00321C7E /* FrogDetailsViewController.swift in Sources */ = {isa = PBXBuildFile; fileRef = 579EE7AE2444D96A00321C7E /* FrogDetailsViewController.swift */; };
		57A3B89D244315230011F674 /* AppDelegate.swift in Sources */ = {isa = PBXBuildFile; fileRef = 57A3B89C244315230011F674 /* AppDelegate.swift */; };
		57A3B89F244315230011F674 /* SceneDelegate.swift in Sources */ = {isa = PBXBuildFile; fileRef = 57A3B89E244315230011F674 /* SceneDelegate.swift */; };
		57A3B8A1244315230011F674 /* FrogListController.swift in Sources */ = {isa = PBXBuildFile; fileRef = 57A3B8A0244315230011F674 /* FrogListController.swift */; };
		57A3B8A3244315230011F674 /* IdentifyViewController.swift in Sources */ = {isa = PBXBuildFile; fileRef = 57A3B8A2244315230011F674 /* IdentifyViewController.swift */; };
		57A3B8A6244315230011F674 /* Main.storyboard in Resources */ = {isa = PBXBuildFile; fileRef = 57A3B8A4244315230011F674 /* Main.storyboard */; };
		57A3B8A9244315230011F674 /* TabView.xcdatamodeld in Sources */ = {isa = PBXBuildFile; fileRef = 57A3B8A7244315230011F674 /* TabView.xcdatamodeld */; };
		57A3B8AB244315270011F674 /* Assets.xcassets in Resources */ = {isa = PBXBuildFile; fileRef = 57A3B8AA244315270011F674 /* Assets.xcassets */; };
		57A3B8AE244315270011F674 /* LaunchScreen.storyboard in Resources */ = {isa = PBXBuildFile; fileRef = 57A3B8AC244315270011F674 /* LaunchScreen.storyboard */; };
		57C098BE246A49BD0041C235 /* ChallengeViewController.swift in Sources */ = {isa = PBXBuildFile; fileRef = 57C098BD246A49BD0041C235 /* ChallengeViewController.swift */; };
		57F877E424741A9800D5501F /* ARViewController.swift in Sources */ = {isa = PBXBuildFile; fileRef = 57F877E324741A9800D5501F /* ARViewController.swift */; };
		57F877E624741B0100D5501F /* toy_biplane.usdz in Resources */ = {isa = PBXBuildFile; fileRef = 57F877E524741B0100D5501F /* toy_biplane.usdz */; };
		57F877E924763B5700D5501F /* FROG.usdz in Resources */ = {isa = PBXBuildFile; fileRef = 57F877E824763B5700D5501F /* FROG.usdz */; };
		57F877EB24763E9300D5501F /* DartFrog.obj in Resources */ = {isa = PBXBuildFile; fileRef = 57F877EA24763E9300D5501F /* DartFrog.obj */; };
		57F877F1247641F900D5501F /* Frog_Hopping.usdz in Resources */ = {isa = PBXBuildFile; fileRef = 57F877F0247641F900D5501F /* Frog_Hopping.usdz */; };
		B960A57A246C3BA9003CFDE3 /* CardLayout.swift in Sources */ = {isa = PBXBuildFile; fileRef = B960A579246C3BA9003CFDE3 /* CardLayout.swift */; };
		B98A407D24725008006C2F2A /* award.json in Resources */ = {isa = PBXBuildFile; fileRef = B98A407C24725007006C2F2A /* award.json */; };
		B98A407F24725DE6006C2F2A /* FrogCell.swift in Sources */ = {isa = PBXBuildFile; fileRef = B98A407E24725DE6006C2F2A /* FrogCell.swift */; };
		B9FD7A40246C11CB0058B4B3 /* ChallengeCell.swift in Sources */ = {isa = PBXBuildFile; fileRef = B9FD7A3F246C11CB0058B4B3 /* ChallengeCell.swift */; };
		B9FD7A44246C1B150058B4B3 /* GuideViewController.swift in Sources */ = {isa = PBXBuildFile; fileRef = B9FD7A43246C1B150058B4B3 /* GuideViewController.swift */; };
		B9FD7A46246C1C7D0058B4B3 /* Page.swift in Sources */ = {isa = PBXBuildFile; fileRef = B9FD7A45246C1C7D0058B4B3 /* Page.swift */; };
		B9FD7A48246C1CB00058B4B3 /* OnboardingPageCell.swift in Sources */ = {isa = PBXBuildFile; fileRef = B9FD7A47246C1CB00058B4B3 /* OnboardingPageCell.swift */; };
		B9FD7A4A246C1D210058B4B3 /* OnboardingDoneCell.swift in Sources */ = {isa = PBXBuildFile; fileRef = B9FD7A49246C1D210058B4B3 /* OnboardingDoneCell.swift */; };
		B9FD7A52246C1F2D0058B4B3 /* 20301-newspaper-open.json in Resources */ = {isa = PBXBuildFile; fileRef = B9FD7A4B246C1F2C0058B4B3 /* 20301-newspaper-open.json */; };
		B9FD7A53246C1F2D0058B4B3 /* 13357-route-finder.json in Resources */ = {isa = PBXBuildFile; fileRef = B9FD7A4C246C1F2C0058B4B3 /* 13357-route-finder.json */; };
		B9FD7A54246C1F2D0058B4B3 /* 291-searchask-loop.json in Resources */ = {isa = PBXBuildFile; fileRef = B9FD7A4D246C1F2C0058B4B3 /* 291-searchask-loop.json */; };
		B9FD7A55246C1F2D0058B4B3 /* 10548-forest.json in Resources */ = {isa = PBXBuildFile; fileRef = B9FD7A4E246C1F2C0058B4B3 /* 10548-forest.json */; };
		B9FD7A56246C1F2D0058B4B3 /* 8878-done.json in Resources */ = {isa = PBXBuildFile; fileRef = B9FD7A4F246C1F2D0058B4B3 /* 8878-done.json */; };
		B9FD7A57246C1F2D0058B4B3 /* 336-search.json in Resources */ = {isa = PBXBuildFile; fileRef = B9FD7A50246C1F2D0058B4B3 /* 336-search.json */; };
		B9FD7A58246C1F2D0058B4B3 /* 13005-refresh.json in Resources */ = {isa = PBXBuildFile; fileRef = B9FD7A51246C1F2D0058B4B3 /* 13005-refresh.json */; };
		DF310DF0252EDD2F00A0F7A6 /* WelcomeViewController.swift in Sources */ = {isa = PBXBuildFile; fileRef = DF310DEF252EDD2F00A0F7A6 /* WelcomeViewController.swift */; };
		DF8EAE65252ED60B009A9038 /* UnSightedFrogEntity+CoreDataClass.swift in Sources */ = {isa = PBXBuildFile; fileRef = DF8EAE63252ED60B009A9038 /* UnSightedFrogEntity+CoreDataClass.swift */; };
		DF8EAE66252ED60B009A9038 /* UnSightedFrogEntity+CoreDataProperties.swift in Sources */ = {isa = PBXBuildFile; fileRef = DF8EAE64252ED60B009A9038 /* UnSightedFrogEntity+CoreDataProperties.swift */; };
		DF8EAE6A252ED61D009A9038 /* FrogEntity+CoreDataClass.swift in Sources */ = {isa = PBXBuildFile; fileRef = DF8EAE68252ED61D009A9038 /* FrogEntity+CoreDataClass.swift */; };
		DF8EAE6B252ED61D009A9038 /* FrogEntity+CoreDataProperties.swift in Sources */ = {isa = PBXBuildFile; fileRef = DF8EAE69252ED61D009A9038 /* FrogEntity+CoreDataProperties.swift */; };
		DF8EAE6F252ED627009A9038 /* SpotLightEntity+CoreDataProperties.swift in Sources */ = {isa = PBXBuildFile; fileRef = DF8EAE6D252ED627009A9038 /* SpotLightEntity+CoreDataProperties.swift */; };
		DF8EAE70252ED627009A9038 /* SpotLightEntity+CoreDataClass.swift in Sources */ = {isa = PBXBuildFile; fileRef = DF8EAE6E252ED627009A9038 /* SpotLightEntity+CoreDataClass.swift */; };
		EC2B8094073EF948ADA1C676 /* Pods_Hola_Frogger.framework in Frameworks */ = {isa = PBXBuildFile; fileRef = 17543AFAD565A26F7CFD39CA /* Pods_Hola_Frogger.framework */; };
/* End PBXBuildFile section */

/* Begin PBXFileReference section */
		17543AFAD565A26F7CFD39CA /* Pods_Hola_Frogger.framework */ = {isa = PBXFileReference; explicitFileType = wrapper.framework; includeInIndex = 0; path = Pods_Hola_Frogger.framework; sourceTree = BUILT_PRODUCTS_DIR; };
		570D1C13247015E500B9FB22 /* VisitedViewController.swift */ = {isa = PBXFileReference; lastKnownFileType = sourcecode.swift; path = VisitedViewController.swift; sourceTree = "<group>"; };
		570D1C152470551B00B9FB22 /* test.mp3 */ = {isa = PBXFileReference; lastKnownFileType = audio.mp3; path = test.mp3; sourceTree = "<group>"; };
		570D1C1724705E5100B9FB22 /* sad2.json */ = {isa = PBXFileReference; fileEncoding = 4; lastKnownFileType = text.json; path = sad2.json; sourceTree = "<group>"; };
		570D1C1824705E5100B9FB22 /* nonetwork.json */ = {isa = PBXFileReference; fileEncoding = 4; lastKnownFileType = text.json; path = nonetwork.json; sourceTree = "<group>"; };
		570D1C1924705E5200B9FB22 /* confetti2.json */ = {isa = PBXFileReference; fileEncoding = 4; lastKnownFileType = text.json; path = confetti2.json; sourceTree = "<group>"; };
		570D1C1A24705E5200B9FB22 /* sad1.json */ = {isa = PBXFileReference; fileEncoding = 4; lastKnownFileType = text.json; path = sad1.json; sourceTree = "<group>"; };
		570D1C1B24705E5200B9FB22 /* confetti1.json */ = {isa = PBXFileReference; fileEncoding = 4; lastKnownFileType = text.json; path = confetti1.json; sourceTree = "<group>"; };
		570D1C222470EA0C00B9FB22 /* frog.mp3 */ = {isa = PBXFileReference; lastKnownFileType = audio.mp3; path = frog.mp3; sourceTree = "<group>"; };
		570D1C242470EBA700B9FB22 /* sad.mp3 */ = {isa = PBXFileReference; lastKnownFileType = audio.mp3; path = sad.mp3; sourceTree = "<group>"; };
		570D1C262470EBE000B9FB22 /* confetti.mp3 */ = {isa = PBXFileReference; lastKnownFileType = audio.mp3; path = confetti.mp3; sourceTree = "<group>"; };
		57320A7B245344BC00ADE06C /* FrogImageClassification 3.mlmodel */ = {isa = PBXFileReference; lastKnownFileType = file.mlmodel; path = "FrogImageClassification 3.mlmodel"; sourceTree = "<group>"; };
		57320A7E2453477900ADE06C /* WebKit.framework */ = {isa = PBXFileReference; lastKnownFileType = wrapper.framework; name = WebKit.framework; path = System/Library/Frameworks/WebKit.framework; sourceTree = SDKROOT; };
		57320A8024535A4300ADE06C /* FrogImageClassification Refined.mlmodel */ = {isa = PBXFileReference; lastKnownFileType = file.mlmodel; path = "FrogImageClassification Refined.mlmodel"; sourceTree = "<group>"; };
		57441D912463F00A00BC4DE0 /* catchmeifyoucan.json */ = {isa = PBXFileReference; fileEncoding = 4; lastKnownFileType = text.json; path = catchmeifyoucan.json; sourceTree = "<group>"; };
		574A3C2924505E840022CCB3 /* MapViewController.swift */ = {isa = PBXFileReference; lastKnownFileType = sourcecode.swift; path = MapViewController.swift; sourceTree = "<group>"; };
		574A3C2B245066060022CCB3 /* FrogAnnotation.swift */ = {isa = PBXFileReference; lastKnownFileType = sourcecode.swift; path = FrogAnnotation.swift; sourceTree = "<group>"; };
		5757F98924639E3600F8D75C /* HomeViewController.swift */ = {isa = PBXFileReference; lastKnownFileType = sourcecode.swift; path = HomeViewController.swift; sourceTree = "<group>"; };
		576F2948247AD04D0078EC67 /* Frog2usdz.usdz */ = {isa = PBXFileReference; lastKnownFileType = file.usdz; path = Frog2usdz.usdz; sourceTree = "<group>"; };
		576F294A247AD3D90078EC67 /* FrogScaledUsdz.usdz */ = {isa = PBXFileReference; lastKnownFileType = file.usdz; path = FrogScaledUsdz.usdz; sourceTree = "<group>"; };
		577AA1A2247159E100B85AF6 /* GPX files (To simulate Locations) */ = {isa = PBXFileReference; lastKnownFileType = folder; path = "GPX files (To simulate Locations)"; sourceTree = "<group>"; };
		579B45462447084200EACA4B /* CoreDataHandler.swift */ = {isa = PBXFileReference; lastKnownFileType = sourcecode.swift; path = CoreDataHandler.swift; sourceTree = "<group>"; };
		579C04B6247B78D1003EEB6D /* greenwaves.json */ = {isa = PBXFileReference; fileEncoding = 4; lastKnownFileType = text.json; path = greenwaves.json; sourceTree = "<group>"; };
		579EE7A624433BCC00321C7E /* BearBottle.mlmodel */ = {isa = PBXFileReference; lastKnownFileType = file.mlmodel; path = BearBottle.mlmodel; sourceTree = "<group>"; };
		579EE7A82444763000321C7E /* NewsViewController.swift */ = {isa = PBXFileReference; lastKnownFileType = sourcecode.swift; path = NewsViewController.swift; sourceTree = "<group>"; };
		579EE7AC2444CB2D00321C7E /* DetailsViewController.swift */ = {isa = PBXFileReference; lastKnownFileType = sourcecode.swift; path = DetailsViewController.swift; sourceTree = "<group>"; };
		579EE7AE2444D96A00321C7E /* FrogDetailsViewController.swift */ = {isa = PBXFileReference; lastKnownFileType = sourcecode.swift; path = FrogDetailsViewController.swift; sourceTree = "<group>"; };
		57A3B899244315230011F674 /* Hola Frogger.app */ = {isa = PBXFileReference; explicitFileType = wrapper.application; includeInIndex = 0; path = "Hola Frogger.app"; sourceTree = BUILT_PRODUCTS_DIR; };
		57A3B89C244315230011F674 /* AppDelegate.swift */ = {isa = PBXFileReference; lastKnownFileType = sourcecode.swift; path = AppDelegate.swift; sourceTree = "<group>"; };
		57A3B89E244315230011F674 /* SceneDelegate.swift */ = {isa = PBXFileReference; lastKnownFileType = sourcecode.swift; path = SceneDelegate.swift; sourceTree = "<group>"; };
		57A3B8A0244315230011F674 /* FrogListController.swift */ = {isa = PBXFileReference; lastKnownFileType = sourcecode.swift; path = FrogListController.swift; sourceTree = "<group>"; };
		57A3B8A2244315230011F674 /* IdentifyViewController.swift */ = {isa = PBXFileReference; lastKnownFileType = sourcecode.swift; path = IdentifyViewController.swift; sourceTree = "<group>"; };
		57A3B8A5244315230011F674 /* Base */ = {isa = PBXFileReference; lastKnownFileType = file.storyboard; name = Base; path = Base.lproj/Main.storyboard; sourceTree = "<group>"; };
		57A3B8A8244315230011F674 /* TabView.xcdatamodel */ = {isa = PBXFileReference; lastKnownFileType = wrapper.xcdatamodel; path = TabView.xcdatamodel; sourceTree = "<group>"; };
		57A3B8AA244315270011F674 /* Assets.xcassets */ = {isa = PBXFileReference; lastKnownFileType = folder.assetcatalog; path = Assets.xcassets; sourceTree = "<group>"; };
		57A3B8AD244315270011F674 /* Base */ = {isa = PBXFileReference; lastKnownFileType = file.storyboard; name = Base; path = Base.lproj/LaunchScreen.storyboard; sourceTree = "<group>"; };
		57A3B8AF244315270011F674 /* Info.plist */ = {isa = PBXFileReference; lastKnownFileType = text.plist.xml; path = Info.plist; sourceTree = "<group>"; };
		57C098BD246A49BD0041C235 /* ChallengeViewController.swift */ = {isa = PBXFileReference; lastKnownFileType = sourcecode.swift; path = ChallengeViewController.swift; sourceTree = "<group>"; };
		57F877E324741A9800D5501F /* ARViewController.swift */ = {isa = PBXFileReference; lastKnownFileType = sourcecode.swift; path = ARViewController.swift; sourceTree = "<group>"; };
		57F877E524741B0100D5501F /* toy_biplane.usdz */ = {isa = PBXFileReference; lastKnownFileType = file.usdz; path = toy_biplane.usdz; sourceTree = "<group>"; };
		57F877E824763B5700D5501F /* FROG.usdz */ = {isa = PBXFileReference; lastKnownFileType = file.usdz; path = FROG.usdz; sourceTree = "<group>"; };
		57F877EA24763E9300D5501F /* DartFrog.obj */ = {isa = PBXFileReference; fileEncoding = 4; lastKnownFileType = text; path = DartFrog.obj; sourceTree = "<group>"; };
		57F877F0247641F900D5501F /* Frog_Hopping.usdz */ = {isa = PBXFileReference; lastKnownFileType = file.usdz; path = Frog_Hopping.usdz; sourceTree = "<group>"; };
		93029B50E690F19607378EFC /* Pods-Hola Frogger.release.xcconfig */ = {isa = PBXFileReference; includeInIndex = 1; lastKnownFileType = text.xcconfig; name = "Pods-Hola Frogger.release.xcconfig"; path = "Target Support Files/Pods-Hola Frogger/Pods-Hola Frogger.release.xcconfig"; sourceTree = "<group>"; };
		ACBCC81B8DB64478F334A8A5 /* Pods-TabView.debug.xcconfig */ = {isa = PBXFileReference; includeInIndex = 1; lastKnownFileType = text.xcconfig; name = "Pods-TabView.debug.xcconfig"; path = "Target Support Files/Pods-TabView/Pods-TabView.debug.xcconfig"; sourceTree = "<group>"; };
		B728A1957D843A5C438F5737 /* Pods-Hola Frogger.debug.xcconfig */ = {isa = PBXFileReference; includeInIndex = 1; lastKnownFileType = text.xcconfig; name = "Pods-Hola Frogger.debug.xcconfig"; path = "Target Support Files/Pods-Hola Frogger/Pods-Hola Frogger.debug.xcconfig"; sourceTree = "<group>"; };
		B960A579246C3BA9003CFDE3 /* CardLayout.swift */ = {isa = PBXFileReference; lastKnownFileType = sourcecode.swift; path = CardLayout.swift; sourceTree = "<group>"; };
		B98A407C24725007006C2F2A /* award.json */ = {isa = PBXFileReference; fileEncoding = 4; lastKnownFileType = text.json; path = award.json; sourceTree = "<group>"; };
		B98A407E24725DE6006C2F2A /* FrogCell.swift */ = {isa = PBXFileReference; lastKnownFileType = sourcecode.swift; path = FrogCell.swift; sourceTree = "<group>"; };
		B9FD7A3F246C11CB0058B4B3 /* ChallengeCell.swift */ = {isa = PBXFileReference; lastKnownFileType = sourcecode.swift; path = ChallengeCell.swift; sourceTree = "<group>"; };
		B9FD7A43246C1B150058B4B3 /* GuideViewController.swift */ = {isa = PBXFileReference; lastKnownFileType = sourcecode.swift; path = GuideViewController.swift; sourceTree = "<group>"; };
		B9FD7A45246C1C7D0058B4B3 /* Page.swift */ = {isa = PBXFileReference; lastKnownFileType = sourcecode.swift; path = Page.swift; sourceTree = "<group>"; };
		B9FD7A47246C1CB00058B4B3 /* OnboardingPageCell.swift */ = {isa = PBXFileReference; lastKnownFileType = sourcecode.swift; path = OnboardingPageCell.swift; sourceTree = "<group>"; };
		B9FD7A49246C1D210058B4B3 /* OnboardingDoneCell.swift */ = {isa = PBXFileReference; lastKnownFileType = sourcecode.swift; path = OnboardingDoneCell.swift; sourceTree = "<group>"; };
		B9FD7A4B246C1F2C0058B4B3 /* 20301-newspaper-open.json */ = {isa = PBXFileReference; fileEncoding = 4; lastKnownFileType = text.json; path = "20301-newspaper-open.json"; sourceTree = "<group>"; };
		B9FD7A4C246C1F2C0058B4B3 /* 13357-route-finder.json */ = {isa = PBXFileReference; fileEncoding = 4; lastKnownFileType = text.json; path = "13357-route-finder.json"; sourceTree = "<group>"; };
		B9FD7A4D246C1F2C0058B4B3 /* 291-searchask-loop.json */ = {isa = PBXFileReference; fileEncoding = 4; lastKnownFileType = text.json; path = "291-searchask-loop.json"; sourceTree = "<group>"; };
		B9FD7A4E246C1F2C0058B4B3 /* 10548-forest.json */ = {isa = PBXFileReference; fileEncoding = 4; lastKnownFileType = text.json; path = "10548-forest.json"; sourceTree = "<group>"; };
		B9FD7A4F246C1F2D0058B4B3 /* 8878-done.json */ = {isa = PBXFileReference; fileEncoding = 4; lastKnownFileType = text.json; path = "8878-done.json"; sourceTree = "<group>"; };
		B9FD7A50246C1F2D0058B4B3 /* 336-search.json */ = {isa = PBXFileReference; fileEncoding = 4; lastKnownFileType = text.json; path = "336-search.json"; sourceTree = "<group>"; };
		B9FD7A51246C1F2D0058B4B3 /* 13005-refresh.json */ = {isa = PBXFileReference; fileEncoding = 4; lastKnownFileType = text.json; path = "13005-refresh.json"; sourceTree = "<group>"; };
		DEF23522100C96BCBF38C1D1 /* Pods-TabView.release.xcconfig */ = {isa = PBXFileReference; includeInIndex = 1; lastKnownFileType = text.xcconfig; name = "Pods-TabView.release.xcconfig"; path = "Target Support Files/Pods-TabView/Pods-TabView.release.xcconfig"; sourceTree = "<group>"; };
		DF310DEF252EDD2F00A0F7A6 /* WelcomeViewController.swift */ = {isa = PBXFileReference; fileEncoding = 4; lastKnownFileType = sourcecode.swift; path = WelcomeViewController.swift; sourceTree = "<group>"; };
		DF8EAE63252ED60B009A9038 /* UnSightedFrogEntity+CoreDataClass.swift */ = {isa = PBXFileReference; fileEncoding = 4; lastKnownFileType = sourcecode.swift; path = "UnSightedFrogEntity+CoreDataClass.swift"; sourceTree = "<group>"; };
		DF8EAE64252ED60B009A9038 /* UnSightedFrogEntity+CoreDataProperties.swift */ = {isa = PBXFileReference; fileEncoding = 4; lastKnownFileType = sourcecode.swift; path = "UnSightedFrogEntity+CoreDataProperties.swift"; sourceTree = "<group>"; };
		DF8EAE68252ED61D009A9038 /* FrogEntity+CoreDataClass.swift */ = {isa = PBXFileReference; fileEncoding = 4; lastKnownFileType = sourcecode.swift; path = "FrogEntity+CoreDataClass.swift"; sourceTree = "<group>"; };
		DF8EAE69252ED61D009A9038 /* FrogEntity+CoreDataProperties.swift */ = {isa = PBXFileReference; fileEncoding = 4; lastKnownFileType = sourcecode.swift; path = "FrogEntity+CoreDataProperties.swift"; sourceTree = "<group>"; };
		DF8EAE6D252ED627009A9038 /* SpotLightEntity+CoreDataProperties.swift */ = {isa = PBXFileReference; fileEncoding = 4; lastKnownFileType = sourcecode.swift; path = "SpotLightEntity+CoreDataProperties.swift"; sourceTree = "<group>"; };
		DF8EAE6E252ED627009A9038 /* SpotLightEntity+CoreDataClass.swift */ = {isa = PBXFileReference; fileEncoding = 4; lastKnownFileType = sourcecode.swift; path = "SpotLightEntity+CoreDataClass.swift"; sourceTree = "<group>"; };
/* End PBXFileReference section */

/* Begin PBXFrameworksBuildPhase section */
		57A3B896244315230011F674 /* Frameworks */ = {
			isa = PBXFrameworksBuildPhase;
			buildActionMask = 2147483647;
			files = (
				57320A7F2453477900ADE06C /* WebKit.framework in Frameworks */,
				EC2B8094073EF948ADA1C676 /* Pods_Hola_Frogger.framework in Frameworks */,
			);
			runOnlyForDeploymentPostprocessing = 0;
		};
/* End PBXFrameworksBuildPhase section */

/* Begin PBXGroup section */
		570D1C212470E9FE00B9FB22 /* Audio */ = {
			isa = PBXGroup;
			children = (
				570D1C152470551B00B9FB22 /* test.mp3 */,
				570D1C242470EBA700B9FB22 /* sad.mp3 */,
				570D1C262470EBE000B9FB22 /* confetti.mp3 */,
				570D1C222470EA0C00B9FB22 /* frog.mp3 */,
			);
			path = Audio;
			sourceTree = "<group>";
		};
		57320A7D2453477800ADE06C /* Frameworks */ = {
			isa = PBXGroup;
			children = (
				57320A7E2453477900ADE06C /* WebKit.framework */,
				17543AFAD565A26F7CFD39CA /* Pods_Hola_Frogger.framework */,
			);
			name = Frameworks;
			sourceTree = "<group>";
		};
		574DCD142463EC8B00BA40B7 /* LottieFiles */ = {
			isa = PBXGroup;
			children = (
				579C04B6247B78D1003EEB6D /* greenwaves.json */,
				57441D912463F00A00BC4DE0 /* catchmeifyoucan.json */,
				B9FD7A4D246C1F2C0058B4B3 /* 291-searchask-loop.json */,
				B9FD7A50246C1F2D0058B4B3 /* 336-search.json */,
				B9FD7A4F246C1F2D0058B4B3 /* 8878-done.json */,
				B98A407C24725007006C2F2A /* award.json */,
				B9FD7A4E246C1F2C0058B4B3 /* 10548-forest.json */,
				B9FD7A51246C1F2D0058B4B3 /* 13005-refresh.json */,
				B9FD7A4C246C1F2C0058B4B3 /* 13357-route-finder.json */,
				B9FD7A4B246C1F2C0058B4B3 /* 20301-newspaper-open.json */,
				570D1C1B24705E5200B9FB22 /* confetti1.json */,
				570D1C1924705E5200B9FB22 /* confetti2.json */,
				570D1C1824705E5100B9FB22 /* nonetwork.json */,
				570D1C1A24705E5200B9FB22 /* sad1.json */,
				570D1C1724705E5100B9FB22 /* sad2.json */,
			);
			path = LottieFiles;
			sourceTree = "<group>";
		};
		579B45492447441200EACA4B /* ViewControllers */ = {
			isa = PBXGroup;
			children = (
				DF0FD6C1252ED39600FE17FE /* Onboarding */,
				5757F98924639E3600F8D75C /* HomeViewController.swift */,
				57A3B8A0244315230011F674 /* FrogListController.swift */,
				579EE7AE2444D96A00321C7E /* FrogDetailsViewController.swift */,
				57A3B8A2244315230011F674 /* IdentifyViewController.swift */,
				574A3C2924505E840022CCB3 /* MapViewController.swift */,
				579EE7A82444763000321C7E /* NewsViewController.swift */,
				579EE7AC2444CB2D00321C7E /* DetailsViewController.swift */,
				574A3C2B245066060022CCB3 /* FrogAnnotation.swift */,
				57C098BD246A49BD0041C235 /* ChallengeViewController.swift */,
				570D1C13247015E500B9FB22 /* VisitedViewController.swift */,
				B9FD7A3F246C11CB0058B4B3 /* ChallengeCell.swift */,
				B98A407E24725DE6006C2F2A /* FrogCell.swift */,
				57F877E324741A9800D5501F /* ARViewController.swift */,
			);
			path = ViewControllers;
			sourceTree = "<group>";
		};
		579B454A2447442600EACA4B /* Core ML */ = {
			isa = PBXGroup;
			children = (
				57320A8024535A4300ADE06C /* FrogImageClassification Refined.mlmodel */,
				57320A7B245344BC00ADE06C /* FrogImageClassification 3.mlmodel */,
				579EE7A624433BCC00321C7E /* BearBottle.mlmodel */,
			);
			path = "Core ML";
			sourceTree = "<group>";
		};
		579B455324477DF300EACA4B /* Inferface */ = {
			isa = PBXGroup;
			children = (
				57A3B8A4244315230011F674 /* Main.storyboard */,
				57A3B8AC244315270011F674 /* LaunchScreen.storyboard */,
			);
			path = Inferface;
			sourceTree = "<group>";
		};
		57A3B890244315230011F674 = {
			isa = PBXGroup;
			children = (
				57A3B89B244315230011F674 /* Hola Frogger */,
				57A3B89A244315230011F674 /* Products */,
				57320A7D2453477800ADE06C /* Frameworks */,
				E71D97BDF56D4843DF18292D /* Pods */,
			);
			sourceTree = "<group>";
		};
		57A3B89A244315230011F674 /* Products */ = {
			isa = PBXGroup;
			children = (
				57A3B899244315230011F674 /* Hola Frogger.app */,
			);
			name = Products;
			sourceTree = "<group>";
		};
		57A3B89B244315230011F674 /* Hola Frogger */ = {
			isa = PBXGroup;
			children = (
				57A3B89C244315230011F674 /* AppDelegate.swift */,
				57A3B89E244315230011F674 /* SceneDelegate.swift */,
				579B455324477DF300EACA4B /* Inferface */,
				579B45492447441200EACA4B /* ViewControllers */,
				DF0FD6C3252ED4E000FE17FE /* CoreData+Entity+Handler */,
				DF0FD6C0252ED29E00FE17FE /* Support files */,
				57A3B8AF244315270011F674 /* Info.plist */,
			);
			path = "Hola Frogger";
			sourceTree = "<group>";
		};
		57F877E724741BD300D5501F /* AR files */ = {
			isa = PBXGroup;
			children = (
				57F877F0247641F900D5501F /* Frog_Hopping.usdz */,
				576F2948247AD04D0078EC67 /* Frog2usdz.usdz */,
				57F877E824763B5700D5501F /* FROG.usdz */,
				57F877E524741B0100D5501F /* toy_biplane.usdz */,
				57F877EA24763E9300D5501F /* DartFrog.obj */,
				576F294A247AD3D90078EC67 /* FrogScaledUsdz.usdz */,
			);
			path = "AR files";
			sourceTree = "<group>";
		};
		DF0FD6C0252ED29E00FE17FE /* Support files */ = {
			isa = PBXGroup;
			children = (
				57A3B8AA244315270011F674 /* Assets.xcassets */,
				574DCD142463EC8B00BA40B7 /* LottieFiles */,
				57F877E724741BD300D5501F /* AR files */,
				577AA1A2247159E100B85AF6 /* GPX files (To simulate Locations) */,
				579B454A2447442600EACA4B /* Core ML */,
				570D1C212470E9FE00B9FB22 /* Audio */,
			);
			path = "Support files";
			sourceTree = "<group>";
		};
		DF0FD6C1252ED39600FE17FE /* Onboarding */ = {
			isa = PBXGroup;
			children = (
				DF310DEF252EDD2F00A0F7A6 /* WelcomeViewController.swift */,
				B9FD7A43246C1B150058B4B3 /* GuideViewController.swift */,
				B9FD7A45246C1C7D0058B4B3 /* Page.swift */,
				B9FD7A47246C1CB00058B4B3 /* OnboardingPageCell.swift */,
				B9FD7A49246C1D210058B4B3 /* OnboardingDoneCell.swift */,
				B960A579246C3BA9003CFDE3 /* CardLayout.swift */,
			);
			path = Onboarding;
			sourceTree = "<group>";
		};
		DF0FD6C3252ED4E000FE17FE /* CoreData+Entity+Handler */ = {
			isa = PBXGroup;
			children = (
				57A3B8A7244315230011F674 /* TabView.xcdatamodeld */,
				579B45462447084200EACA4B /* CoreDataHandler.swift */,
				DF0FD6C6252ED58000FE17FE /* UnSighted */,
				DF0FD6C5252ED56F00FE17FE /* Frog */,
				DF0FD6C4252ED51600FE17FE /* SpotLight */,
			);
			path = "CoreData+Entity+Handler";
			sourceTree = "<group>";
		};
		DF0FD6C4252ED51600FE17FE /* SpotLight */ = {
			isa = PBXGroup;
			children = (
				DF8EAE6E252ED627009A9038 /* SpotLightEntity+CoreDataClass.swift */,
				DF8EAE6D252ED627009A9038 /* SpotLightEntity+CoreDataProperties.swift */,
			);
			path = SpotLight;
			sourceTree = "<group>";
		};
		DF0FD6C5252ED56F00FE17FE /* Frog */ = {
			isa = PBXGroup;
			children = (
				DF8EAE68252ED61D009A9038 /* FrogEntity+CoreDataClass.swift */,
				DF8EAE69252ED61D009A9038 /* FrogEntity+CoreDataProperties.swift */,
			);
			path = Frog;
			sourceTree = "<group>";
		};
		DF0FD6C6252ED58000FE17FE /* UnSighted */ = {
			isa = PBXGroup;
			children = (
				DF8EAE63252ED60B009A9038 /* UnSightedFrogEntity+CoreDataClass.swift */,
				DF8EAE64252ED60B009A9038 /* UnSightedFrogEntity+CoreDataProperties.swift */,
			);
			path = UnSighted;
			sourceTree = "<group>";
		};
		E71D97BDF56D4843DF18292D /* Pods */ = {
			isa = PBXGroup;
			children = (
				ACBCC81B8DB64478F334A8A5 /* Pods-TabView.debug.xcconfig */,
				DEF23522100C96BCBF38C1D1 /* Pods-TabView.release.xcconfig */,
				B728A1957D843A5C438F5737 /* Pods-Hola Frogger.debug.xcconfig */,
				93029B50E690F19607378EFC /* Pods-Hola Frogger.release.xcconfig */,
			);
			path = Pods;
			sourceTree = "<group>";
		};
/* End PBXGroup section */

/* Begin PBXNativeTarget section */
		57A3B898244315230011F674 /* Hola Frogger */ = {
			isa = PBXNativeTarget;
			buildConfigurationList = 57A3B8B2244315270011F674 /* Build configuration list for PBXNativeTarget "Hola Frogger" */;
			buildPhases = (
				F1770C10371497F05260C084 /* [CP] Check Pods Manifest.lock */,
				57A3B895244315230011F674 /* Sources */,
				57A3B896244315230011F674 /* Frameworks */,
				57A3B897244315230011F674 /* Resources */,
				FD78217FC0CD21DBE1B855C5 /* [CP] Embed Pods Frameworks */,
			);
			buildRules = (
			);
			dependencies = (
			);
			name = "Hola Frogger";
			productName = TabView;
			productReference = 57A3B899244315230011F674 /* Hola Frogger.app */;
			productType = "com.apple.product-type.application";
		};
/* End PBXNativeTarget section */

/* Begin PBXProject section */
		57A3B891244315230011F674 /* Project object */ = {
			isa = PBXProject;
			attributes = {
				LastSwiftUpdateCheck = 1140;
				LastUpgradeCheck = 1140;
				ORGANIZATIONNAME = Varma;
				TargetAttributes = {
					57A3B898244315230011F674 = {
						CreatedOnToolsVersion = 11.4;
					};
				};
			};
			buildConfigurationList = 57A3B894244315230011F674 /* Build configuration list for PBXProject "Hola Frogger" */;
			compatibilityVersion = "Xcode 9.3";
			developmentRegion = en;
			hasScannedForEncodings = 0;
			knownRegions = (
				en,
				Base,
			);
			mainGroup = 57A3B890244315230011F674;
			productRefGroup = 57A3B89A244315230011F674 /* Products */;
			projectDirPath = "";
			projectRoot = "";
			targets = (
				57A3B898244315230011F674 /* Hola Frogger */,
			);
		};
/* End PBXProject section */

/* Begin PBXResourcesBuildPhase section */
		57A3B897244315230011F674 /* Resources */ = {
			isa = PBXResourcesBuildPhase;
			buildActionMask = 2147483647;
			files = (
				57A3B8AE244315270011F674 /* LaunchScreen.storyboard in Resources */,
				57441D922463F00A00BC4DE0 /* catchmeifyoucan.json in Resources */,
				570D1C1E24705E5200B9FB22 /* confetti2.json in Resources */,
				B98A407D24725008006C2F2A /* award.json in Resources */,
				576F2949247AD04D0078EC67 /* Frog2usdz.usdz in Resources */,
				570D1C1F24705E5200B9FB22 /* sad1.json in Resources */,
				57F877F1247641F900D5501F /* Frog_Hopping.usdz in Resources */,
				57F877EB24763E9300D5501F /* DartFrog.obj in Resources */,
				B9FD7A58246C1F2D0058B4B3 /* 13005-refresh.json in Resources */,
				579C04B7247B78D1003EEB6D /* greenwaves.json in Resources */,
				B9FD7A56246C1F2D0058B4B3 /* 8878-done.json in Resources */,
				B9FD7A53246C1F2D0058B4B3 /* 13357-route-finder.json in Resources */,
				570D1C252470EBA700B9FB22 /* sad.mp3 in Resources */,
				570D1C1D24705E5200B9FB22 /* nonetwork.json in Resources */,
				B9FD7A54246C1F2D0058B4B3 /* 291-searchask-loop.json in Resources */,
				57F877E924763B5700D5501F /* FROG.usdz in Resources */,
				57F877E624741B0100D5501F /* toy_biplane.usdz in Resources */,
				B9FD7A55246C1F2D0058B4B3 /* 10548-forest.json in Resources */,
				B9FD7A52246C1F2D0058B4B3 /* 20301-newspaper-open.json in Resources */,
				57A3B8AB244315270011F674 /* Assets.xcassets in Resources */,
				570D1C232470EA0C00B9FB22 /* frog.mp3 in Resources */,
				570D1C1C24705E5200B9FB22 /* sad2.json in Resources */,
				570D1C162470551B00B9FB22 /* test.mp3 in Resources */,
				B9FD7A57246C1F2D0058B4B3 /* 336-search.json in Resources */,
				57A3B8A6244315230011F674 /* Main.storyboard in Resources */,
				570D1C2024705E5200B9FB22 /* confetti1.json in Resources */,
				577AA1A3247159E100B85AF6 /* GPX files (To simulate Locations) in Resources */,
				570D1C272470EBE100B9FB22 /* confetti.mp3 in Resources */,
				576F294B247AD3D90078EC67 /* FrogScaledUsdz.usdz in Resources */,
			);
			runOnlyForDeploymentPostprocessing = 0;
		};
/* End PBXResourcesBuildPhase section */

/* Begin PBXShellScriptBuildPhase section */
		F1770C10371497F05260C084 /* [CP] Check Pods Manifest.lock */ = {
			isa = PBXShellScriptBuildPhase;
			buildActionMask = 2147483647;
			files = (
			);
			inputFileListPaths = (
			);
			inputPaths = (
				"${PODS_PODFILE_DIR_PATH}/Podfile.lock",
				"${PODS_ROOT}/Manifest.lock",
			);
			name = "[CP] Check Pods Manifest.lock";
			outputFileListPaths = (
			);
			outputPaths = (
				"$(DERIVED_FILE_DIR)/Pods-Hola Frogger-checkManifestLockResult.txt",
			);
			runOnlyForDeploymentPostprocessing = 0;
			shellPath = /bin/sh;
			shellScript = "diff \"${PODS_PODFILE_DIR_PATH}/Podfile.lock\" \"${PODS_ROOT}/Manifest.lock\" > /dev/null\nif [ $? != 0 ] ; then\n    # print error to STDERR\n    echo \"error: The sandbox is not in sync with the Podfile.lock. Run 'pod install' or update your CocoaPods installation.\" >&2\n    exit 1\nfi\n# This output is used by Xcode 'outputs' to avoid re-running this script phase.\necho \"SUCCESS\" > \"${SCRIPT_OUTPUT_FILE_0}\"\n";
			showEnvVarsInLog = 0;
		};
		FD78217FC0CD21DBE1B855C5 /* [CP] Embed Pods Frameworks */ = {
			isa = PBXShellScriptBuildPhase;
			buildActionMask = 2147483647;
			files = (
			);
			inputFileListPaths = (
				"${PODS_ROOT}/Target Support Files/Pods-Hola Frogger/Pods-Hola Frogger-frameworks-${CONFIGURATION}-input-files.xcfilelist",
			);
			name = "[CP] Embed Pods Frameworks";
			outputFileListPaths = (
				"${PODS_ROOT}/Target Support Files/Pods-Hola Frogger/Pods-Hola Frogger-frameworks-${CONFIGURATION}-output-files.xcfilelist",
			);
			runOnlyForDeploymentPostprocessing = 0;
			shellPath = /bin/sh;
			shellScript = "\"${PODS_ROOT}/Target Support Files/Pods-Hola Frogger/Pods-Hola Frogger-frameworks.sh\"\n";
			showEnvVarsInLog = 0;
		};
/* End PBXShellScriptBuildPhase section */

/* Begin PBXSourcesBuildPhase section */
		57A3B895244315230011F674 /* Sources */ = {
			isa = PBXSourcesBuildPhase;
			buildActionMask = 2147483647;
			files = (
				57A3B8A3244315230011F674 /* IdentifyViewController.swift in Sources */,
				579B45472447084200EACA4B /* CoreDataHandler.swift in Sources */,
				579EE7A724433BCC00321C7E /* BearBottle.mlmodel in Sources */,
				57F877E424741A9800D5501F /* ARViewController.swift in Sources */,
				5757F98A24639E3600F8D75C /* HomeViewController.swift in Sources */,
				B98A407F24725DE6006C2F2A /* FrogCell.swift in Sources */,
				57A3B8A1244315230011F674 /* FrogListController.swift in Sources */,
				B960A57A246C3BA9003CFDE3 /* CardLayout.swift in Sources */,
				574A3C2C245066060022CCB3 /* FrogAnnotation.swift in Sources */,
				579EE7AD2444CB2D00321C7E /* DetailsViewController.swift in Sources */,
				579EE7AF2444D96A00321C7E /* FrogDetailsViewController.swift in Sources */,
				574A3C2A24505E850022CCB3 /* MapViewController.swift in Sources */,
				DF8EAE6F252ED627009A9038 /* SpotLightEntity+CoreDataProperties.swift in Sources */,
				57A3B89D244315230011F674 /* AppDelegate.swift in Sources */,
				B9FD7A48246C1CB00058B4B3 /* OnboardingPageCell.swift in Sources */,
				DF8EAE65252ED60B009A9038 /* UnSightedFrogEntity+CoreDataClass.swift in Sources */,
				DF8EAE6B252ED61D009A9038 /* FrogEntity+CoreDataProperties.swift in Sources */,
				57C098BE246A49BD0041C235 /* ChallengeViewController.swift in Sources */,
				DF8EAE6A252ED61D009A9038 /* FrogEntity+CoreDataClass.swift in Sources */,
				570D1C14247015E500B9FB22 /* VisitedViewController.swift in Sources */,
				57320A8124535A4300ADE06C /* FrogImageClassification Refined.mlmodel in Sources */,
				579EE7A92444763000321C7E /* NewsViewController.swift in Sources */,
				57320A7C245344BC00ADE06C /* FrogImageClassification 3.mlmodel in Sources */,
				DF310DF0252EDD2F00A0F7A6 /* WelcomeViewController.swift in Sources */,
				DF8EAE66252ED60B009A9038 /* UnSightedFrogEntity+CoreDataProperties.swift in Sources */,
				B9FD7A44246C1B150058B4B3 /* GuideViewController.swift in Sources */,
				B9FD7A46246C1C7D0058B4B3 /* Page.swift in Sources */,
				57A3B8A9244315230011F674 /* TabView.xcdatamodeld in Sources */,
				B9FD7A40246C11CB0058B4B3 /* ChallengeCell.swift in Sources */,
				DF8EAE70252ED627009A9038 /* SpotLightEntity+CoreDataClass.swift in Sources */,
				57A3B89F244315230011F674 /* SceneDelegate.swift in Sources */,
				B9FD7A4A246C1D210058B4B3 /* OnboardingDoneCell.swift in Sources */,
			);
			runOnlyForDeploymentPostprocessing = 0;
		};
/* End PBXSourcesBuildPhase section */

/* Begin PBXVariantGroup section */
		57A3B8A4244315230011F674 /* Main.storyboard */ = {
			isa = PBXVariantGroup;
			children = (
				57A3B8A5244315230011F674 /* Base */,
			);
			name = Main.storyboard;
			sourceTree = "<group>";
		};
		57A3B8AC244315270011F674 /* LaunchScreen.storyboard */ = {
			isa = PBXVariantGroup;
			children = (
				57A3B8AD244315270011F674 /* Base */,
			);
			name = LaunchScreen.storyboard;
			sourceTree = "<group>";
		};
/* End PBXVariantGroup section */

/* Begin XCBuildConfiguration section */
		57A3B8B0244315270011F674 /* Debug */ = {
			isa = XCBuildConfiguration;
			buildSettings = {
				ALWAYS_SEARCH_USER_PATHS = NO;
				CLANG_ANALYZER_NONNULL = YES;
				CLANG_ANALYZER_NUMBER_OBJECT_CONVERSION = YES_AGGRESSIVE;
				CLANG_CXX_LANGUAGE_STANDARD = "gnu++14";
				CLANG_CXX_LIBRARY = "libc++";
				CLANG_ENABLE_MODULES = YES;
				CLANG_ENABLE_OBJC_ARC = YES;
				CLANG_ENABLE_OBJC_WEAK = YES;
				CLANG_WARN_BLOCK_CAPTURE_AUTORELEASING = YES;
				CLANG_WARN_BOOL_CONVERSION = YES;
				CLANG_WARN_COMMA = YES;
				CLANG_WARN_CONSTANT_CONVERSION = YES;
				CLANG_WARN_DEPRECATED_OBJC_IMPLEMENTATIONS = YES;
				CLANG_WARN_DIRECT_OBJC_ISA_USAGE = YES_ERROR;
				CLANG_WARN_DOCUMENTATION_COMMENTS = YES;
				CLANG_WARN_EMPTY_BODY = YES;
				CLANG_WARN_ENUM_CONVERSION = YES;
				CLANG_WARN_INFINITE_RECURSION = YES;
				CLANG_WARN_INT_CONVERSION = YES;
				CLANG_WARN_NON_LITERAL_NULL_CONVERSION = YES;
				CLANG_WARN_OBJC_IMPLICIT_RETAIN_SELF = YES;
				CLANG_WARN_OBJC_LITERAL_CONVERSION = YES;
				CLANG_WARN_OBJC_ROOT_CLASS = YES_ERROR;
				CLANG_WARN_RANGE_LOOP_ANALYSIS = YES;
				CLANG_WARN_STRICT_PROTOTYPES = YES;
				CLANG_WARN_SUSPICIOUS_MOVE = YES;
				CLANG_WARN_UNGUARDED_AVAILABILITY = YES_AGGRESSIVE;
				CLANG_WARN_UNREACHABLE_CODE = YES;
				CLANG_WARN__DUPLICATE_METHOD_MATCH = YES;
				COPY_PHASE_STRIP = NO;
				DEBUG_INFORMATION_FORMAT = dwarf;
				ENABLE_STRICT_OBJC_MSGSEND = YES;
				ENABLE_TESTABILITY = YES;
				GCC_C_LANGUAGE_STANDARD = gnu11;
				GCC_DYNAMIC_NO_PIC = NO;
				GCC_NO_COMMON_BLOCKS = YES;
				GCC_OPTIMIZATION_LEVEL = 0;
				GCC_PREPROCESSOR_DEFINITIONS = (
					"DEBUG=1",
					"$(inherited)",
				);
				GCC_WARN_64_TO_32_BIT_CONVERSION = YES;
				GCC_WARN_ABOUT_RETURN_TYPE = YES_ERROR;
				GCC_WARN_UNDECLARED_SELECTOR = YES;
				GCC_WARN_UNINITIALIZED_AUTOS = YES_AGGRESSIVE;
				GCC_WARN_UNUSED_FUNCTION = YES;
				GCC_WARN_UNUSED_VARIABLE = YES;
				IPHONEOS_DEPLOYMENT_TARGET = 13.0;
				MTL_ENABLE_DEBUG_INFO = INCLUDE_SOURCE;
				MTL_FAST_MATH = YES;
				ONLY_ACTIVE_ARCH = YES;
				SDKROOT = iphoneos;
				SWIFT_ACTIVE_COMPILATION_CONDITIONS = DEBUG;
				SWIFT_OPTIMIZATION_LEVEL = "-Onone";
			};
			name = Debug;
		};
		57A3B8B1244315270011F674 /* Release */ = {
			isa = XCBuildConfiguration;
			buildSettings = {
				ALWAYS_SEARCH_USER_PATHS = NO;
				CLANG_ANALYZER_NONNULL = YES;
				CLANG_ANALYZER_NUMBER_OBJECT_CONVERSION = YES_AGGRESSIVE;
				CLANG_CXX_LANGUAGE_STANDARD = "gnu++14";
				CLANG_CXX_LIBRARY = "libc++";
				CLANG_ENABLE_MODULES = YES;
				CLANG_ENABLE_OBJC_ARC = YES;
				CLANG_ENABLE_OBJC_WEAK = YES;
				CLANG_WARN_BLOCK_CAPTURE_AUTORELEASING = YES;
				CLANG_WARN_BOOL_CONVERSION = YES;
				CLANG_WARN_COMMA = YES;
				CLANG_WARN_CONSTANT_CONVERSION = YES;
				CLANG_WARN_DEPRECATED_OBJC_IMPLEMENTATIONS = YES;
				CLANG_WARN_DIRECT_OBJC_ISA_USAGE = YES_ERROR;
				CLANG_WARN_DOCUMENTATION_COMMENTS = YES;
				CLANG_WARN_EMPTY_BODY = YES;
				CLANG_WARN_ENUM_CONVERSION = YES;
				CLANG_WARN_INFINITE_RECURSION = YES;
				CLANG_WARN_INT_CONVERSION = YES;
				CLANG_WARN_NON_LITERAL_NULL_CONVERSION = YES;
				CLANG_WARN_OBJC_IMPLICIT_RETAIN_SELF = YES;
				CLANG_WARN_OBJC_LITERAL_CONVERSION = YES;
				CLANG_WARN_OBJC_ROOT_CLASS = YES_ERROR;
				CLANG_WARN_RANGE_LOOP_ANALYSIS = YES;
				CLANG_WARN_STRICT_PROTOTYPES = YES;
				CLANG_WARN_SUSPICIOUS_MOVE = YES;
				CLANG_WARN_UNGUARDED_AVAILABILITY = YES_AGGRESSIVE;
				CLANG_WARN_UNREACHABLE_CODE = YES;
				CLANG_WARN__DUPLICATE_METHOD_MATCH = YES;
				COPY_PHASE_STRIP = NO;
				DEBUG_INFORMATION_FORMAT = "dwarf-with-dsym";
				ENABLE_NS_ASSERTIONS = NO;
				ENABLE_STRICT_OBJC_MSGSEND = YES;
				GCC_C_LANGUAGE_STANDARD = gnu11;
				GCC_NO_COMMON_BLOCKS = YES;
				GCC_WARN_64_TO_32_BIT_CONVERSION = YES;
				GCC_WARN_ABOUT_RETURN_TYPE = YES_ERROR;
				GCC_WARN_UNDECLARED_SELECTOR = YES;
				GCC_WARN_UNINITIALIZED_AUTOS = YES_AGGRESSIVE;
				GCC_WARN_UNUSED_FUNCTION = YES;
				GCC_WARN_UNUSED_VARIABLE = YES;
				IPHONEOS_DEPLOYMENT_TARGET = 13.0;
				MTL_ENABLE_DEBUG_INFO = NO;
				MTL_FAST_MATH = YES;
				SDKROOT = iphoneos;
				SWIFT_COMPILATION_MODE = wholemodule;
				SWIFT_OPTIMIZATION_LEVEL = "-O";
				VALIDATE_PRODUCT = YES;
			};
			name = Release;
		};
		57A3B8B3244315270011F674 /* Debug */ = {
			isa = XCBuildConfiguration;
			baseConfigurationReference = B728A1957D843A5C438F5737 /* Pods-Hola Frogger.debug.xcconfig */;
			buildSettings = {
				ASSETCATALOG_COMPILER_APPICON_NAME = AppIcon;
				CODE_SIGN_STYLE = Automatic;
				DEVELOPMENT_TEAM = 5G9HGCW6QY;
				INFOPLIST_FILE = "Hola Frogger/Info.plist";
				IPHONEOS_DEPLOYMENT_TARGET = 13.1;
				LD_RUNPATH_SEARCH_PATHS = (
					"$(inherited)",
					"@executable_path/Frameworks",
				);
				PRODUCT_BUNDLE_IDENTIFIER = Monash.TabView.Final;
				PRODUCT_NAME = "Hola Frogger";
				SWIFT_VERSION = 5.0;
				TARGETED_DEVICE_FAMILY = 1;
			};
			name = Debug;
		};
		57A3B8B4244315270011F674 /* Release */ = {
			isa = XCBuildConfiguration;
			baseConfigurationReference = 93029B50E690F19607378EFC /* Pods-Hola Frogger.release.xcconfig */;
			buildSettings = {
				ASSETCATALOG_COMPILER_APPICON_NAME = AppIcon;
				CODE_SIGN_STYLE = Automatic;
				DEVELOPMENT_TEAM = 5G9HGCW6QY;
				INFOPLIST_FILE = "Hola Frogger/Info.plist";
				IPHONEOS_DEPLOYMENT_TARGET = 13.1;
				LD_RUNPATH_SEARCH_PATHS = (
					"$(inherited)",
					"@executable_path/Frameworks",
				);
				PRODUCT_BUNDLE_IDENTIFIER = Monash.TabView.Final;
				PRODUCT_NAME = "Hola Frogger";
				SWIFT_VERSION = 5.0;
				TARGETED_DEVICE_FAMILY = 1;
			};
			name = Release;
		};
/* End XCBuildConfiguration section */

/* Begin XCConfigurationList section */
		57A3B894244315230011F674 /* Build configuration list for PBXProject "Hola Frogger" */ = {
			isa = XCConfigurationList;
			buildConfigurations = (
				57A3B8B0244315270011F674 /* Debug */,
				57A3B8B1244315270011F674 /* Release */,
			);
			defaultConfigurationIsVisible = 0;
			defaultConfigurationName = Release;
		};
		57A3B8B2244315270011F674 /* Build configuration list for PBXNativeTarget "Hola Frogger" */ = {
			isa = XCConfigurationList;
			buildConfigurations = (
				57A3B8B3244315270011F674 /* Debug */,
				57A3B8B4244315270011F674 /* Release */,
			);
			defaultConfigurationIsVisible = 0;
			defaultConfigurationName = Release;
		};
/* End XCConfigurationList section */

/* Begin XCVersionGroup section */
		57A3B8A7244315230011F674 /* TabView.xcdatamodeld */ = {
			isa = XCVersionGroup;
			children = (
				57A3B8A8244315230011F674 /* TabView.xcdatamodel */,
			);
			currentVersion = 57A3B8A8244315230011F674 /* TabView.xcdatamodel */;
			path = TabView.xcdatamodeld;
			sourceTree = "<group>";
			versionGroupType = wrapper.xcdatamodel;
		};
/* End XCVersionGroup section */
	};
	rootObject = 57A3B891244315230011F674 /* Project object */;
}
