PODS:
  - AwesomeSpotlightView (0.1.10)
  - iOSDropDown (0.3.4)
  - lottie-ios (3.1.8)

DEPENDENCIES:
  - AwesomeSpotlightView
  - iOSDropDown
  - lottie-ios

SPEC REPOS:
  trunk:
    - AwesomeSpotlightView
    - iOSDropDown
    - lottie-ios

SPEC CHECKSUMS:
  AwesomeSpotlightView: 7dc307f796ecc86ce0cfec36c9b9b14336e6ea83
  iOSDropDown: c10a761f9a00c3f1cc9d3bce43ae504628e2f692
  lottie-ios: 48fac6be217c76937e36e340e2d09cf7b10b7f5f

PODFILE CHECKSUM: c1102e6819631853f3e8613941179a0f51ce3f63

COCOAPODS: 1.9.3
